
Microsoft Visual Studio Solution File, Format Version 12.00
# Visual Studio 2013
VisualStudioVersion = 12.0.21005.1
MinimumVisualStudioVersion = 10.0.40219.1
Project("{FAE04EC0-301F-11D3-BF4B-00C04F79EFBC}") = "01.JustCars", "01.JustCars\01.JustCars.csproj", "{A065628D-37C9-42B0-8BBF-8ABDC5ADD3E8}"
EndProject
Project("{FAE04EC0-301F-11D3-BF4B-00C04F79EFBC}") = "02.JustSnake", "02.JustSnake\02.JustSnake.csproj", "{31B940E2-1228-4056-A21C-15EEE8CEC94D}"
EndProject
Project("{FAE04EC0-301F-11D3-BF4B-00C04F79EFBC}") = "03.FallingRocks", "03.FallingRocks\03.FallingRocks.csproj", "{A5B5DFD9-50E9-4406-AFF9-C978A9326D89}"
EndProject
Project("{FAE04EC0-301F-11D3-BF4B-00C04F79EFBC}") = "04.UpDown", "04.UpDown\04.UpDown.csproj", "{1C1FF3B6-7920-41AC-AD57-8DDD45B6A962}"
EndProject
Global
	GlobalSection(SolutionConfigurationPlatforms) = preSolution
		Debug|Any CPU = Debug|Any CPU
		Release|Any CPU = Release|Any CPU
	EndGlobalSection
	GlobalSection(ProjectConfigurationPlatforms) = postSolution
		{A065628D-37C9-42B0-8BBF-8ABDC5ADD3E8}.Debug|Any CPU.ActiveCfg = Debug|Any CPU
		{A065628D-37C9-42B0-8BBF-8ABDC5ADD3E8}.Debug|Any CPU.Build.0 = Debug|Any CPU
		{A065628D-37C9-42B0-8BBF-8ABDC5ADD3E8}.Release|Any CPU.ActiveCfg = Release|Any CPU
		{A065628D-37C9-42B0-8BBF-8ABDC5ADD3E8}.Release|Any CPU.Build.0 = Release|Any CPU
		{31B940E2-1228-4056-A21C-15EEE8CEC94D}.Debug|Any CPU.ActiveCfg = Debug|Any CPU
		{31B940E2-1228-4056-A21C-15EEE8CEC94D}.Debug|Any CPU.Build.0 = Debug|Any CPU
		{31B940E2-1228-4056-A21C-15EEE8CEC94D}.Release|Any CPU.ActiveCfg = Release|Any CPU
		{31B940E2-1228-4056-A21C-15EEE8CEC94D}.Release|Any CPU.Build.0 = Release|Any CPU
		{A5B5DFD9-50E9-4406-AFF9-C978A9326D89}.Debug|Any CPU.ActiveCfg = Debug|Any CPU
		{A5B5DFD9-50E9-4406-AFF9-C978A9326D89}.Debug|Any CPU.Build.0 = Debug|Any CPU
		{A5B5DFD9-50E9-4406-AFF9-C978A9326D89}.Release|Any CPU.ActiveCfg = Release|Any CPU
		{A5B5DFD9-50E9-4406-AFF9-C978A9326D89}.Release|Any CPU.Build.0 = Release|Any CPU
		{1C1FF3B6-7920-41AC-AD57-8DDD45B6A962}.Debug|Any CPU.ActiveCfg = Debug|Any CPU
		{1C1FF3B6-7920-41AC-AD57-8DDD45B6A962}.Debug|Any CPU.Build.0 = Debug|Any CPU
		{1C1FF3B6-7920-41AC-AD57-8DDD45B6A962}.Release|Any CPU.ActiveCfg = Release|Any CPU
		{1C1FF3B6-7920-41AC-AD57-8DDD45B6A962}.Release|Any CPU.Build.0 = Release|Any CPU
	EndGlobalSection
	GlobalSection(SolutionProperties) = preSolution
		HideSolutionNode = FALSE
	EndGlobalSection
EndGlobal
