
Microsoft Visual Studio Solution File, Format Version 12.00
# Visual Studio 2013
VisualStudioVersion = 12.0.21005.1
MinimumVisualStudioVersion = 10.0.40219.1
Project("{2150E333-8FDC-42A3-9474-1A3956D46DE8}") = "14-Sept-2013-Morning", "14-Sept-2013-Morning", "{CA00E29A-54AB-4F7A-B2CE-AC1434F2AEE9}"
EndProject
Project("{FAE04EC0-301F-11D3-BF4B-00C04F79EFBC}") = "01.MultiverseCommunication", "01.MultiverseCommunication\01.MultiverseCommunication.csproj", "{8ADCDDBA-A6F4-4A21-82B2-7F7070B1C628}"
EndProject
Project("{FAE04EC0-301F-11D3-BF4B-00C04F79EFBC}") = "02.MagicWords", "02.MagicWords\02.MagicWords.csproj", "{1BAA18D3-925E-4AD5-9FEF-53033E4FA2F4}"
EndProject
Project("{FAE04EC0-301F-11D3-BF4B-00C04F79EFBC}") = "03.Tron3D", "03.Tron3D\03.Tron3D.csproj", "{20F7D303-10DC-49BA-B324-D9D02762B50E}"
EndProject
Project("{FAE04EC0-301F-11D3-BF4B-00C04F79EFBC}") = "04.DecodeAndDecrypt", "04.DecodeAndDecrypt\04.DecodeAndDecrypt.csproj", "{CB53148C-DEA5-4612-A5CF-4EC61E51DB5B}"
EndProject
Project("{FAE04EC0-301F-11D3-BF4B-00C04F79EFBC}") = "05.FeaturingWithGrisko", "05.FeaturingWithGrisko\05.FeaturingWithGrisko.csproj", "{C1F99FF6-E581-45D4-99D4-F37BEF64AEED}"
EndProject
Project("{2150E333-8FDC-42A3-9474-1A3956D46DE8}") = "22-Jan-2014-Evening", "22-Jan-2014-Evening", "{C151E86A-2630-4811-B70B-5A3B70D0D78E}"
EndProject
Project("{FAE04EC0-301F-11D3-BF4B-00C04F79EFBC}") = "01.TRES4Numbers", "01.TRES4Numbers\01.TRES4Numbers.csproj", "{9929D92D-1938-43C5-B4D2-185B9B593770}"
EndProject
Project("{FAE04EC0-301F-11D3-BF4B-00C04F79EFBC}") = "02.BunnyFactory", "02.BunnyFactory\02.BunnyFactory.csproj", "{A8B9B5DB-654E-4E1D-91EA-6E9067F77947}"
EndProject
Project("{FAE04EC0-301F-11D3-BF4B-00C04F79EFBC}") = "03.Patterns", "03.Patterns\03.Patterns.csproj", "{14EFD598-97C4-4698-9ED5-71DE892F4D32}"
EndProject
Project("{FAE04EC0-301F-11D3-BF4B-00C04F79EFBC}") = "04.VariableLengthCoding", "04.VariableLengthCoding\04.VariableLengthCoding.csproj", "{B6122AAB-45BB-4369-AC63-D0D797D9E0A3}"
EndProject
Project("{2150E333-8FDC-42A3-9474-1A3956D46DE8}") = "24-Jan-2014-Evening", "24-Jan-2014-Evening", "{C04F8E11-5D82-4103-A7D1-7611B30C1DA0}"
EndProject
Project("{FAE04EC0-301F-11D3-BF4B-00C04F79EFBC}") = "01.StrangeLandNumbers", "01.StrangeLandNumbers\01.StrangeLandNumbers.csproj", "{64191142-AAC3-4ABD-8E3D-51398774BB1D}"
EndProject
Project("{FAE04EC0-301F-11D3-BF4B-00C04F79EFBC}") = "02.TwoGirlsOnePath", "02.TwoGirlsOnePath\02.TwoGirlsOnePath.csproj", "{647FD896-C816-4635-B44C-5576D1CEFDEA}"
EndProject
Project("{2150E333-8FDC-42A3-9474-1A3956D46DE8}") = "8-Feb-2012", "8-Feb-2012", "{DB36692E-378A-4F11-9C7E-C579495926F9}"
EndProject
Project("{FAE04EC0-301F-11D3-BF4B-00C04F79EFBC}") = "03.Indices", "03.Indices\03.Indices.csproj", "{52BEAE2B-710D-4CD4-9E06-3420547ED7E1}"
EndProject
Project("{2150E333-8FDC-42A3-9474-1A3956D46DE8}") = "6-Feb-2012", "6-Feb-2012", "{8746A100-D067-42FC-9DD2-1FEA4E11582B}"
EndProject
Project("{FAE04EC0-301F-11D3-BF4B-00C04F79EFBC}") = "03.Tubes", "03.Tubes\03.Tubes.csproj", "{00F2C791-1B5F-4402-AFCF-20C9C901C3F3}"
EndProject
Project("{2150E333-8FDC-42A3-9474-1A3956D46DE8}") = "11-Feb-2013", "11-Feb-2013", "{5A2DB6AE-C0C1-4C7C-9AA2-BF54BFA4A122}"
EndProject
Project("{FAE04EC0-301F-11D3-BF4B-00C04F79EFBC}") = "01.9GagNumbers", "01.9GagNumbers\01.9GagNumbers.csproj", "{DD395BD0-C453-4AD3-B06B-10652DFEDDC4}"
EndProject
Project("{FAE04EC0-301F-11D3-BF4B-00C04F79EFBC}") = "02.SpecialValue", "02.SpecialValue\02.SpecialValue.csproj", "{C8ED4B67-1719-489C-875F-D263D6249F18}"
EndProject
Project("{FAE04EC0-301F-11D3-BF4B-00C04F79EFBC}") = "05.HelpDoge", "05.HelpDoge\05.HelpDoge.csproj", "{0A56E756-1E4E-4879-856E-9112B79433E2}"
EndProject
Project("{FAE04EC0-301F-11D3-BF4B-00C04F79EFBC}") = "03.Digits", "03.Digits\03.Digits.csproj", "{7A90C911-4446-494F-B565-97E87F0394E5}"
EndProject
Project("{2150E333-8FDC-42A3-9474-1A3956D46DE8}") = "5-Feb-2013", "5-Feb-2013", "{A9D7F953-7323-4FFE-B4D2-0AE707DF7DA1}"
EndProject
Project("{FAE04EC0-301F-11D3-BF4B-00C04F79EFBC}") = "04.CSharpBrackets", "04.CSharpBrackets\04.CSharpBrackets.csproj", "{21CC337F-729F-4F09-BDB2-23AF5BCB084A}"
EndProject
Project("{FAE04EC0-301F-11D3-BF4B-00C04F79EFBC}") = "04.RelevanceIndex", "04.RelevanceIndex\04.RelevanceIndex.csproj", "{43FE900E-F0E6-43E8-B7C6-01C50BB6EFBC}"
EndProject
Project("{FAE04EC0-301F-11D3-BF4B-00C04F79EFBC}") = "05.DogeCoin", "05.DogeCoin\05.DogeCoin.csproj", "{DC79FB68-EDDD-42BE-9AAA-4A308FA88539}"
EndProject
Global
	GlobalSection(SolutionConfigurationPlatforms) = preSolution
		Debug|Any CPU = Debug|Any CPU
		Release|Any CPU = Release|Any CPU
	EndGlobalSection
	GlobalSection(ProjectConfigurationPlatforms) = postSolution
		{8ADCDDBA-A6F4-4A21-82B2-7F7070B1C628}.Debug|Any CPU.ActiveCfg = Debug|Any CPU
		{8ADCDDBA-A6F4-4A21-82B2-7F7070B1C628}.Debug|Any CPU.Build.0 = Debug|Any CPU
		{8ADCDDBA-A6F4-4A21-82B2-7F7070B1C628}.Release|Any CPU.ActiveCfg = Release|Any CPU
		{8ADCDDBA-A6F4-4A21-82B2-7F7070B1C628}.Release|Any CPU.Build.0 = Release|Any CPU
		{1BAA18D3-925E-4AD5-9FEF-53033E4FA2F4}.Debug|Any CPU.ActiveCfg = Debug|Any CPU
		{1BAA18D3-925E-4AD5-9FEF-53033E4FA2F4}.Debug|Any CPU.Build.0 = Debug|Any CPU
		{1BAA18D3-925E-4AD5-9FEF-53033E4FA2F4}.Release|Any CPU.ActiveCfg = Release|Any CPU
		{1BAA18D3-925E-4AD5-9FEF-53033E4FA2F4}.Release|Any CPU.Build.0 = Release|Any CPU
		{20F7D303-10DC-49BA-B324-D9D02762B50E}.Debug|Any CPU.ActiveCfg = Debug|Any CPU
		{20F7D303-10DC-49BA-B324-D9D02762B50E}.Debug|Any CPU.Build.0 = Debug|Any CPU
		{20F7D303-10DC-49BA-B324-D9D02762B50E}.Release|Any CPU.ActiveCfg = Release|Any CPU
		{20F7D303-10DC-49BA-B324-D9D02762B50E}.Release|Any CPU.Build.0 = Release|Any CPU
		{CB53148C-DEA5-4612-A5CF-4EC61E51DB5B}.Debug|Any CPU.ActiveCfg = Debug|Any CPU
		{CB53148C-DEA5-4612-A5CF-4EC61E51DB5B}.Debug|Any CPU.Build.0 = Debug|Any CPU
		{CB53148C-DEA5-4612-A5CF-4EC61E51DB5B}.Release|Any CPU.ActiveCfg = Release|Any CPU
		{CB53148C-DEA5-4612-A5CF-4EC61E51DB5B}.Release|Any CPU.Build.0 = Release|Any CPU
		{C1F99FF6-E581-45D4-99D4-F37BEF64AEED}.Debug|Any CPU.ActiveCfg = Debug|Any CPU
		{C1F99FF6-E581-45D4-99D4-F37BEF64AEED}.Debug|Any CPU.Build.0 = Debug|Any CPU
		{C1F99FF6-E581-45D4-99D4-F37BEF64AEED}.Release|Any CPU.ActiveCfg = Release|Any CPU
		{C1F99FF6-E581-45D4-99D4-F37BEF64AEED}.Release|Any CPU.Build.0 = Release|Any CPU
		{9929D92D-1938-43C5-B4D2-185B9B593770}.Debug|Any CPU.ActiveCfg = Debug|Any CPU
		{9929D92D-1938-43C5-B4D2-185B9B593770}.Debug|Any CPU.Build.0 = Debug|Any CPU
		{9929D92D-1938-43C5-B4D2-185B9B593770}.Release|Any CPU.ActiveCfg = Release|Any CPU
		{9929D92D-1938-43C5-B4D2-185B9B593770}.Release|Any CPU.Build.0 = Release|Any CPU
		{A8B9B5DB-654E-4E1D-91EA-6E9067F77947}.Debug|Any CPU.ActiveCfg = Debug|Any CPU
		{A8B9B5DB-654E-4E1D-91EA-6E9067F77947}.Debug|Any CPU.Build.0 = Debug|Any CPU
		{A8B9B5DB-654E-4E1D-91EA-6E9067F77947}.Release|Any CPU.ActiveCfg = Release|Any CPU
		{A8B9B5DB-654E-4E1D-91EA-6E9067F77947}.Release|Any CPU.Build.0 = Release|Any CPU
		{14EFD598-97C4-4698-9ED5-71DE892F4D32}.Debug|Any CPU.ActiveCfg = Debug|Any CPU
		{14EFD598-97C4-4698-9ED5-71DE892F4D32}.Debug|Any CPU.Build.0 = Debug|Any CPU
		{14EFD598-97C4-4698-9ED5-71DE892F4D32}.Release|Any CPU.ActiveCfg = Release|Any CPU
		{14EFD598-97C4-4698-9ED5-71DE892F4D32}.Release|Any CPU.Build.0 = Release|Any CPU
		{B6122AAB-45BB-4369-AC63-D0D797D9E0A3}.Debug|Any CPU.ActiveCfg = Debug|Any CPU
		{B6122AAB-45BB-4369-AC63-D0D797D9E0A3}.Debug|Any CPU.Build.0 = Debug|Any CPU
		{B6122AAB-45BB-4369-AC63-D0D797D9E0A3}.Release|Any CPU.ActiveCfg = Release|Any CPU
		{B6122AAB-45BB-4369-AC63-D0D797D9E0A3}.Release|Any CPU.Build.0 = Release|Any CPU
		{64191142-AAC3-4ABD-8E3D-51398774BB1D}.Debug|Any CPU.ActiveCfg = Debug|Any CPU
		{64191142-AAC3-4ABD-8E3D-51398774BB1D}.Debug|Any CPU.Build.0 = Debug|Any CPU
		{64191142-AAC3-4ABD-8E3D-51398774BB1D}.Release|Any CPU.ActiveCfg = Release|Any CPU
		{64191142-AAC3-4ABD-8E3D-51398774BB1D}.Release|Any CPU.Build.0 = Release|Any CPU
		{647FD896-C816-4635-B44C-5576D1CEFDEA}.Debug|Any CPU.ActiveCfg = Debug|Any CPU
		{647FD896-C816-4635-B44C-5576D1CEFDEA}.Debug|Any CPU.Build.0 = Debug|Any CPU
		{647FD896-C816-4635-B44C-5576D1CEFDEA}.Release|Any CPU.ActiveCfg = Release|Any CPU
		{647FD896-C816-4635-B44C-5576D1CEFDEA}.Release|Any CPU.Build.0 = Release|Any CPU
		{52BEAE2B-710D-4CD4-9E06-3420547ED7E1}.Debug|Any CPU.ActiveCfg = Debug|Any CPU
		{52BEAE2B-710D-4CD4-9E06-3420547ED7E1}.Debug|Any CPU.Build.0 = Debug|Any CPU
		{52BEAE2B-710D-4CD4-9E06-3420547ED7E1}.Release|Any CPU.ActiveCfg = Release|Any CPU
		{52BEAE2B-710D-4CD4-9E06-3420547ED7E1}.Release|Any CPU.Build.0 = Release|Any CPU
		{00F2C791-1B5F-4402-AFCF-20C9C901C3F3}.Debug|Any CPU.ActiveCfg = Debug|Any CPU
		{00F2C791-1B5F-4402-AFCF-20C9C901C3F3}.Debug|Any CPU.Build.0 = Debug|Any CPU
		{00F2C791-1B5F-4402-AFCF-20C9C901C3F3}.Release|Any CPU.ActiveCfg = Release|Any CPU
		{00F2C791-1B5F-4402-AFCF-20C9C901C3F3}.Release|Any CPU.Build.0 = Release|Any CPU
		{DD395BD0-C453-4AD3-B06B-10652DFEDDC4}.Debug|Any CPU.ActiveCfg = Debug|Any CPU
		{DD395BD0-C453-4AD3-B06B-10652DFEDDC4}.Debug|Any CPU.Build.0 = Debug|Any CPU
		{DD395BD0-C453-4AD3-B06B-10652DFEDDC4}.Release|Any CPU.ActiveCfg = Release|Any CPU
		{DD395BD0-C453-4AD3-B06B-10652DFEDDC4}.Release|Any CPU.Build.0 = Release|Any CPU
		{C8ED4B67-1719-489C-875F-D263D6249F18}.Debug|Any CPU.ActiveCfg = Debug|Any CPU
		{C8ED4B67-1719-489C-875F-D263D6249F18}.Debug|Any CPU.Build.0 = Debug|Any CPU
		{C8ED4B67-1719-489C-875F-D263D6249F18}.Release|Any CPU.ActiveCfg = Release|Any CPU
		{C8ED4B67-1719-489C-875F-D263D6249F18}.Release|Any CPU.Build.0 = Release|Any CPU
		{0A56E756-1E4E-4879-856E-9112B79433E2}.Debug|Any CPU.ActiveCfg = Debug|Any CPU
		{0A56E756-1E4E-4879-856E-9112B79433E2}.Debug|Any CPU.Build.0 = Debug|Any CPU
		{0A56E756-1E4E-4879-856E-9112B79433E2}.Release|Any CPU.ActiveCfg = Release|Any CPU
		{0A56E756-1E4E-4879-856E-9112B79433E2}.Release|Any CPU.Build.0 = Release|Any CPU
		{7A90C911-4446-494F-B565-97E87F0394E5}.Debug|Any CPU.ActiveCfg = Debug|Any CPU
		{7A90C911-4446-494F-B565-97E87F0394E5}.Debug|Any CPU.Build.0 = Debug|Any CPU
		{7A90C911-4446-494F-B565-97E87F0394E5}.Release|Any CPU.ActiveCfg = Release|Any CPU
		{7A90C911-4446-494F-B565-97E87F0394E5}.Release|Any CPU.Build.0 = Release|Any CPU
		{21CC337F-729F-4F09-BDB2-23AF5BCB084A}.Debug|Any CPU.ActiveCfg = Debug|Any CPU
		{21CC337F-729F-4F09-BDB2-23AF5BCB084A}.Debug|Any CPU.Build.0 = Debug|Any CPU
		{21CC337F-729F-4F09-BDB2-23AF5BCB084A}.Release|Any CPU.ActiveCfg = Release|Any CPU
		{21CC337F-729F-4F09-BDB2-23AF5BCB084A}.Release|Any CPU.Build.0 = Release|Any CPU
		{43FE900E-F0E6-43E8-B7C6-01C50BB6EFBC}.Debug|Any CPU.ActiveCfg = Debug|Any CPU
		{43FE900E-F0E6-43E8-B7C6-01C50BB6EFBC}.Debug|Any CPU.Build.0 = Debug|Any CPU
		{43FE900E-F0E6-43E8-B7C6-01C50BB6EFBC}.Release|Any CPU.ActiveCfg = Release|Any CPU
		{43FE900E-F0E6-43E8-B7C6-01C50BB6EFBC}.Release|Any CPU.Build.0 = Release|Any CPU
		{DC79FB68-EDDD-42BE-9AAA-4A308FA88539}.Debug|Any CPU.ActiveCfg = Debug|Any CPU
		{DC79FB68-EDDD-42BE-9AAA-4A308FA88539}.Debug|Any CPU.Build.0 = Debug|Any CPU
		{DC79FB68-EDDD-42BE-9AAA-4A308FA88539}.Release|Any CPU.ActiveCfg = Release|Any CPU
		{DC79FB68-EDDD-42BE-9AAA-4A308FA88539}.Release|Any CPU.Build.0 = Release|Any CPU
	EndGlobalSection
	GlobalSection(SolutionProperties) = preSolution
		HideSolutionNode = FALSE
	EndGlobalSection
	GlobalSection(NestedProjects) = preSolution
		{8ADCDDBA-A6F4-4A21-82B2-7F7070B1C628} = {CA00E29A-54AB-4F7A-B2CE-AC1434F2AEE9}
		{1BAA18D3-925E-4AD5-9FEF-53033E4FA2F4} = {CA00E29A-54AB-4F7A-B2CE-AC1434F2AEE9}
		{20F7D303-10DC-49BA-B324-D9D02762B50E} = {CA00E29A-54AB-4F7A-B2CE-AC1434F2AEE9}
		{CB53148C-DEA5-4612-A5CF-4EC61E51DB5B} = {CA00E29A-54AB-4F7A-B2CE-AC1434F2AEE9}
		{C1F99FF6-E581-45D4-99D4-F37BEF64AEED} = {CA00E29A-54AB-4F7A-B2CE-AC1434F2AEE9}
		{9929D92D-1938-43C5-B4D2-185B9B593770} = {C151E86A-2630-4811-B70B-5A3B70D0D78E}
		{A8B9B5DB-654E-4E1D-91EA-6E9067F77947} = {C151E86A-2630-4811-B70B-5A3B70D0D78E}
		{14EFD598-97C4-4698-9ED5-71DE892F4D32} = {C151E86A-2630-4811-B70B-5A3B70D0D78E}
		{B6122AAB-45BB-4369-AC63-D0D797D9E0A3} = {C151E86A-2630-4811-B70B-5A3B70D0D78E}
		{0A56E756-1E4E-4879-856E-9112B79433E2} = {C151E86A-2630-4811-B70B-5A3B70D0D78E}
		{64191142-AAC3-4ABD-8E3D-51398774BB1D} = {C04F8E11-5D82-4103-A7D1-7611B30C1DA0}
		{647FD896-C816-4635-B44C-5576D1CEFDEA} = {C04F8E11-5D82-4103-A7D1-7611B30C1DA0}
		{7A90C911-4446-494F-B565-97E87F0394E5} = {C04F8E11-5D82-4103-A7D1-7611B30C1DA0}
		{43FE900E-F0E6-43E8-B7C6-01C50BB6EFBC} = {C04F8E11-5D82-4103-A7D1-7611B30C1DA0}
		{DC79FB68-EDDD-42BE-9AAA-4A308FA88539} = {C04F8E11-5D82-4103-A7D1-7611B30C1DA0}
		{52BEAE2B-710D-4CD4-9E06-3420547ED7E1} = {DB36692E-378A-4F11-9C7E-C579495926F9}
		{00F2C791-1B5F-4402-AFCF-20C9C901C3F3} = {8746A100-D067-42FC-9DD2-1FEA4E11582B}
		{DD395BD0-C453-4AD3-B06B-10652DFEDDC4} = {5A2DB6AE-C0C1-4C7C-9AA2-BF54BFA4A122}
		{C8ED4B67-1719-489C-875F-D263D6249F18} = {5A2DB6AE-C0C1-4C7C-9AA2-BF54BFA4A122}
		{21CC337F-729F-4F09-BDB2-23AF5BCB084A} = {A9D7F953-7323-4FFE-B4D2-0AE707DF7DA1}
	EndGlobalSection
EndGlobal
