
Microsoft Visual Studio Solution File, Format Version 12.00
# Visual Studio 2013
VisualStudioVersion = 12.0.21005.1
MinimumVisualStudioVersion = 10.0.40219.1
Project("{FAE04EC0-301F-11D3-BF4B-00C04F79EFBC}") = "01.OddLines", "01.OddLines\01.OddLines.csproj", "{9D9528DE-B5C0-4CDF-97C9-127E252ADBAB}"
EndProject
Project("{FAE04EC0-301F-11D3-BF4B-00C04F79EFBC}") = "02.ConcatenateTextFiles", "02.ConcatenateTextFiles\02.ConcatenateTextFiles.csproj", "{57515695-0181-4C28-85A3-6A49A14E1371}"
EndProject
Project("{FAE04EC0-301F-11D3-BF4B-00C04F79EFBC}") = "03.LineNumbers", "03.LineNumbers\03.LineNumbers.csproj", "{B3B97C50-75E5-4687-B1AC-AD56932FD111}"
EndProject
Project("{FAE04EC0-301F-11D3-BF4B-00C04F79EFBC}") = "04.CompareTextFiles", "04.CompareTextFiles\04.CompareTextFiles.csproj", "{B7055B75-1A3D-45C4-B944-EE19857D22E0}"
EndProject
Project("{FAE04EC0-301F-11D3-BF4B-00C04F79EFBC}") = "05.MaximalAreaSum", "05.MaximalAreaSum\05.MaximalAreaSum.csproj", "{921737B4-C078-4164-8FEB-EDBC1722E547}"
EndProject
Project("{FAE04EC0-301F-11D3-BF4B-00C04F79EFBC}") = "06.SaveSortedNames", "06.SaveSortedNames\06.SaveSortedNames.csproj", "{1D195C23-2F1D-4E9C-B8BA-E5EB105BA522}"
EndProject
Project("{FAE04EC0-301F-11D3-BF4B-00C04F79EFBC}") = "07.ReplaceSubString", "07.ReplaceSubString\07.ReplaceSubString.csproj", "{3E5B215D-9E54-4DC8-A74B-A9FA702D79F2}"
EndProject
Project("{FAE04EC0-301F-11D3-BF4B-00C04F79EFBC}") = "08.ReplaceWholeWord", "08.ReplaceWholeWord\08.ReplaceWholeWord.csproj", "{BE8A9598-5A38-40CE-AEDF-51472D3B5F48}"
EndProject
Project("{FAE04EC0-301F-11D3-BF4B-00C04F79EFBC}") = "09.DeleteOddLines", "09.DeleteOddLines\09.DeleteOddLines.csproj", "{7234501F-B018-4871-88A2-DC6023B62576}"
EndProject
Project("{FAE04EC0-301F-11D3-BF4B-00C04F79EFBC}") = "10.ExtractTextXML", "10.ExtractTextXML\10.ExtractTextXML.csproj", "{BCA89FE8-1E3A-47AB-A054-5D3BFB4DC61A}"
EndProject
Project("{FAE04EC0-301F-11D3-BF4B-00C04F79EFBC}") = "11.Prefix", "11.Prefix\11.Prefix.csproj", "{6244A62A-4404-4ECE-AEF6-469D4D09FEC0}"
EndProject
Project("{FAE04EC0-301F-11D3-BF4B-00C04F79EFBC}") = "12.RemoveWords", "12.RemoveWords\12.RemoveWords.csproj", "{07561A1B-40EE-45C3-8193-40D78FF3CE4D}"
EndProject
Project("{FAE04EC0-301F-11D3-BF4B-00C04F79EFBC}") = "13.CountWords", "13.CountWords\13.CountWords.csproj", "{6B64508B-34EC-49AC-8026-06C93716555D}"
EndProject
Global
	GlobalSection(SolutionConfigurationPlatforms) = preSolution
		Debug|Any CPU = Debug|Any CPU
		Release|Any CPU = Release|Any CPU
	EndGlobalSection
	GlobalSection(ProjectConfigurationPlatforms) = postSolution
		{9D9528DE-B5C0-4CDF-97C9-127E252ADBAB}.Debug|Any CPU.ActiveCfg = Debug|Any CPU
		{9D9528DE-B5C0-4CDF-97C9-127E252ADBAB}.Debug|Any CPU.Build.0 = Debug|Any CPU
		{9D9528DE-B5C0-4CDF-97C9-127E252ADBAB}.Release|Any CPU.ActiveCfg = Release|Any CPU
		{9D9528DE-B5C0-4CDF-97C9-127E252ADBAB}.Release|Any CPU.Build.0 = Release|Any CPU
		{57515695-0181-4C28-85A3-6A49A14E1371}.Debug|Any CPU.ActiveCfg = Debug|Any CPU
		{57515695-0181-4C28-85A3-6A49A14E1371}.Debug|Any CPU.Build.0 = Debug|Any CPU
		{57515695-0181-4C28-85A3-6A49A14E1371}.Release|Any CPU.ActiveCfg = Release|Any CPU
		{57515695-0181-4C28-85A3-6A49A14E1371}.Release|Any CPU.Build.0 = Release|Any CPU
		{B3B97C50-75E5-4687-B1AC-AD56932FD111}.Debug|Any CPU.ActiveCfg = Debug|Any CPU
		{B3B97C50-75E5-4687-B1AC-AD56932FD111}.Debug|Any CPU.Build.0 = Debug|Any CPU
		{B3B97C50-75E5-4687-B1AC-AD56932FD111}.Release|Any CPU.ActiveCfg = Release|Any CPU
		{B3B97C50-75E5-4687-B1AC-AD56932FD111}.Release|Any CPU.Build.0 = Release|Any CPU
		{B7055B75-1A3D-45C4-B944-EE19857D22E0}.Debug|Any CPU.ActiveCfg = Debug|Any CPU
		{B7055B75-1A3D-45C4-B944-EE19857D22E0}.Debug|Any CPU.Build.0 = Debug|Any CPU
		{B7055B75-1A3D-45C4-B944-EE19857D22E0}.Release|Any CPU.ActiveCfg = Release|Any CPU
		{B7055B75-1A3D-45C4-B944-EE19857D22E0}.Release|Any CPU.Build.0 = Release|Any CPU
		{921737B4-C078-4164-8FEB-EDBC1722E547}.Debug|Any CPU.ActiveCfg = Debug|Any CPU
		{921737B4-C078-4164-8FEB-EDBC1722E547}.Debug|Any CPU.Build.0 = Debug|Any CPU
		{921737B4-C078-4164-8FEB-EDBC1722E547}.Release|Any CPU.ActiveCfg = Release|Any CPU
		{921737B4-C078-4164-8FEB-EDBC1722E547}.Release|Any CPU.Build.0 = Release|Any CPU
		{1D195C23-2F1D-4E9C-B8BA-E5EB105BA522}.Debug|Any CPU.ActiveCfg = Debug|Any CPU
		{1D195C23-2F1D-4E9C-B8BA-E5EB105BA522}.Debug|Any CPU.Build.0 = Debug|Any CPU
		{1D195C23-2F1D-4E9C-B8BA-E5EB105BA522}.Release|Any CPU.ActiveCfg = Release|Any CPU
		{1D195C23-2F1D-4E9C-B8BA-E5EB105BA522}.Release|Any CPU.Build.0 = Release|Any CPU
		{3E5B215D-9E54-4DC8-A74B-A9FA702D79F2}.Debug|Any CPU.ActiveCfg = Debug|Any CPU
		{3E5B215D-9E54-4DC8-A74B-A9FA702D79F2}.Debug|Any CPU.Build.0 = Debug|Any CPU
		{3E5B215D-9E54-4DC8-A74B-A9FA702D79F2}.Release|Any CPU.ActiveCfg = Release|Any CPU
		{3E5B215D-9E54-4DC8-A74B-A9FA702D79F2}.Release|Any CPU.Build.0 = Release|Any CPU
		{BE8A9598-5A38-40CE-AEDF-51472D3B5F48}.Debug|Any CPU.ActiveCfg = Debug|Any CPU
		{BE8A9598-5A38-40CE-AEDF-51472D3B5F48}.Debug|Any CPU.Build.0 = Debug|Any CPU
		{BE8A9598-5A38-40CE-AEDF-51472D3B5F48}.Release|Any CPU.ActiveCfg = Release|Any CPU
		{BE8A9598-5A38-40CE-AEDF-51472D3B5F48}.Release|Any CPU.Build.0 = Release|Any CPU
		{7234501F-B018-4871-88A2-DC6023B62576}.Debug|Any CPU.ActiveCfg = Debug|Any CPU
		{7234501F-B018-4871-88A2-DC6023B62576}.Debug|Any CPU.Build.0 = Debug|Any CPU
		{7234501F-B018-4871-88A2-DC6023B62576}.Release|Any CPU.ActiveCfg = Release|Any CPU
		{7234501F-B018-4871-88A2-DC6023B62576}.Release|Any CPU.Build.0 = Release|Any CPU
		{BCA89FE8-1E3A-47AB-A054-5D3BFB4DC61A}.Debug|Any CPU.ActiveCfg = Debug|Any CPU
		{BCA89FE8-1E3A-47AB-A054-5D3BFB4DC61A}.Debug|Any CPU.Build.0 = Debug|Any CPU
		{BCA89FE8-1E3A-47AB-A054-5D3BFB4DC61A}.Release|Any CPU.ActiveCfg = Release|Any CPU
		{BCA89FE8-1E3A-47AB-A054-5D3BFB4DC61A}.Release|Any CPU.Build.0 = Release|Any CPU
		{6244A62A-4404-4ECE-AEF6-469D4D09FEC0}.Debug|Any CPU.ActiveCfg = Debug|Any CPU
		{6244A62A-4404-4ECE-AEF6-469D4D09FEC0}.Debug|Any CPU.Build.0 = Debug|Any CPU
		{6244A62A-4404-4ECE-AEF6-469D4D09FEC0}.Release|Any CPU.ActiveCfg = Release|Any CPU
		{6244A62A-4404-4ECE-AEF6-469D4D09FEC0}.Release|Any CPU.Build.0 = Release|Any CPU
		{07561A1B-40EE-45C3-8193-40D78FF3CE4D}.Debug|Any CPU.ActiveCfg = Debug|Any CPU
		{07561A1B-40EE-45C3-8193-40D78FF3CE4D}.Debug|Any CPU.Build.0 = Debug|Any CPU
		{07561A1B-40EE-45C3-8193-40D78FF3CE4D}.Release|Any CPU.ActiveCfg = Release|Any CPU
		{07561A1B-40EE-45C3-8193-40D78FF3CE4D}.Release|Any CPU.Build.0 = Release|Any CPU
		{6B64508B-34EC-49AC-8026-06C93716555D}.Debug|Any CPU.ActiveCfg = Debug|Any CPU
		{6B64508B-34EC-49AC-8026-06C93716555D}.Debug|Any CPU.Build.0 = Debug|Any CPU
		{6B64508B-34EC-49AC-8026-06C93716555D}.Release|Any CPU.ActiveCfg = Release|Any CPU
		{6B64508B-34EC-49AC-8026-06C93716555D}.Release|Any CPU.Build.0 = Release|Any CPU
	EndGlobalSection
	GlobalSection(SolutionProperties) = preSolution
		HideSolutionNode = FALSE
	EndGlobalSection
EndGlobal
