
Microsoft Visual Studio Solution File, Format Version 12.00
# Visual Studio 2013
VisualStudioVersion = 12.0.21005.1
MinimumVisualStudioVersion = 10.0.40219.1
Project("{FAE04EC0-301F-11D3-BF4B-00C04F79EFBC}") = "01.OddEvenIntegers", "01.OddEvenIntegers\01.OddEvenIntegers.csproj", "{9A5F8E92-ADFC-440F-8730-12317130E974}"
EndProject
Project("{FAE04EC0-301F-11D3-BF4B-00C04F79EFBC}") = "02.GravitationMoon", "02.GravitationMoon\02.GravitationMoon.csproj", "{542B30CD-9F01-4D27-BF2C-E1CAF4C734BB}"
EndProject
Project("{FAE04EC0-301F-11D3-BF4B-00C04F79EFBC}") = "03.DivideBy7And5", "03.DivideBy7And5\03.DivideBy7And5.csproj", "{92DEC875-6467-4C4C-A09B-7F388825EB1C}"
EndProject
Project("{FAE04EC0-301F-11D3-BF4B-00C04F79EFBC}") = "04.Rectangles", "04.Rectangles\04.Rectangles.csproj", "{A360CB23-CB0A-4F95-97E9-A05C0853515F}"
EndProject
Project("{FAE04EC0-301F-11D3-BF4B-00C04F79EFBC}") = "05.ThirdDigit7", "05.ThirdDigit7\05.ThirdDigit7.csproj", "{7B55EABF-9FDE-496B-904A-0AEADE8C497C}"
EndProject
Project("{FAE04EC0-301F-11D3-BF4B-00C04F79EFBC}") = "06.FourDigitNumber", "06.FourDigitNumber\06.FourDigitNumber.csproj", "{73DEB5AD-9755-474C-98DF-5FA381F03069}"
EndProject
Project("{FAE04EC0-301F-11D3-BF4B-00C04F79EFBC}") = "07.PointCircle", "07.PointCircle\07.PointCircle.csproj", "{020BC5C0-891D-46FD-8115-958070CED24C}"
EndProject
Project("{FAE04EC0-301F-11D3-BF4B-00C04F79EFBC}") = "08.PrimeNumberCheck", "08.PrimeNumberCheck\08.PrimeNumberCheck.csproj", "{8C3D4C83-FCA6-4418-BD5D-D21259D87E68}"
EndProject
Project("{FAE04EC0-301F-11D3-BF4B-00C04F79EFBC}") = "09.Trapezoids", "09.Trapezoids\09.Trapezoids.csproj", "{3ED5287C-E8DE-4CB2-B02C-6D4B52CC8918}"
EndProject
Project("{FAE04EC0-301F-11D3-BF4B-00C04F79EFBC}") = "10.PointInsideCircleOutsideRectangle", "10.PointInsideCircleOutsideRectangle\10.PointInsideCircleOutsideRectangle.csproj", "{6463E644-08B9-4E12-B375-ED7AFC7DA7D9}"
EndProject
Project("{FAE04EC0-301F-11D3-BF4B-00C04F79EFBC}") = "11.BitwiseExtractBit3", "11.BitwiseExtractBit3\11.BitwiseExtractBit3.csproj", "{F555C2DA-87F6-478F-92AC-A9EF08AC2386}"
EndProject
Project("{FAE04EC0-301F-11D3-BF4B-00C04F79EFBC}") = "12.ExtractBitInteger", "12.ExtractBitInteger\12.ExtractBitInteger.csproj", "{7C026901-5B94-4F01-B72B-09398C31887A}"
EndProject
Project("{FAE04EC0-301F-11D3-BF4B-00C04F79EFBC}") = "13.CheckBitGivenPosition", "13.CheckBitGivenPosition\13.CheckBitGivenPosition.csproj", "{0DA540F2-C08D-413A-A2A8-72D93B100822}"
EndProject
Project("{FAE04EC0-301F-11D3-BF4B-00C04F79EFBC}") = "14.ModifyBitGivenPosition", "14.ModifyBitGivenPosition\14.ModifyBitGivenPosition.csproj", "{2027C858-C337-43CC-A57B-65850A8C00BC}"
EndProject
Project("{FAE04EC0-301F-11D3-BF4B-00C04F79EFBC}") = "15.BitsExchange", "15.BitsExchange\15.BitsExchange.csproj", "{F3790091-59B8-4255-90C8-3619F61B068A}"
EndProject
Project("{FAE04EC0-301F-11D3-BF4B-00C04F79EFBC}") = "16.BitExchange", "16.BitExchange\16.BitExchange.csproj", "{979AD737-716B-45D6-B5E7-888AF858819F}"
EndProject
Global
	GlobalSection(SolutionConfigurationPlatforms) = preSolution
		Debug|Any CPU = Debug|Any CPU
		Release|Any CPU = Release|Any CPU
	EndGlobalSection
	GlobalSection(ProjectConfigurationPlatforms) = postSolution
		{9A5F8E92-ADFC-440F-8730-12317130E974}.Debug|Any CPU.ActiveCfg = Debug|Any CPU
		{9A5F8E92-ADFC-440F-8730-12317130E974}.Debug|Any CPU.Build.0 = Debug|Any CPU
		{9A5F8E92-ADFC-440F-8730-12317130E974}.Release|Any CPU.ActiveCfg = Release|Any CPU
		{9A5F8E92-ADFC-440F-8730-12317130E974}.Release|Any CPU.Build.0 = Release|Any CPU
		{542B30CD-9F01-4D27-BF2C-E1CAF4C734BB}.Debug|Any CPU.ActiveCfg = Debug|Any CPU
		{542B30CD-9F01-4D27-BF2C-E1CAF4C734BB}.Debug|Any CPU.Build.0 = Debug|Any CPU
		{542B30CD-9F01-4D27-BF2C-E1CAF4C734BB}.Release|Any CPU.ActiveCfg = Release|Any CPU
		{542B30CD-9F01-4D27-BF2C-E1CAF4C734BB}.Release|Any CPU.Build.0 = Release|Any CPU
		{92DEC875-6467-4C4C-A09B-7F388825EB1C}.Debug|Any CPU.ActiveCfg = Debug|Any CPU
		{92DEC875-6467-4C4C-A09B-7F388825EB1C}.Debug|Any CPU.Build.0 = Debug|Any CPU
		{92DEC875-6467-4C4C-A09B-7F388825EB1C}.Release|Any CPU.ActiveCfg = Release|Any CPU
		{92DEC875-6467-4C4C-A09B-7F388825EB1C}.Release|Any CPU.Build.0 = Release|Any CPU
		{A360CB23-CB0A-4F95-97E9-A05C0853515F}.Debug|Any CPU.ActiveCfg = Debug|Any CPU
		{A360CB23-CB0A-4F95-97E9-A05C0853515F}.Debug|Any CPU.Build.0 = Debug|Any CPU
		{A360CB23-CB0A-4F95-97E9-A05C0853515F}.Release|Any CPU.ActiveCfg = Release|Any CPU
		{A360CB23-CB0A-4F95-97E9-A05C0853515F}.Release|Any CPU.Build.0 = Release|Any CPU
		{7B55EABF-9FDE-496B-904A-0AEADE8C497C}.Debug|Any CPU.ActiveCfg = Debug|Any CPU
		{7B55EABF-9FDE-496B-904A-0AEADE8C497C}.Debug|Any CPU.Build.0 = Debug|Any CPU
		{7B55EABF-9FDE-496B-904A-0AEADE8C497C}.Release|Any CPU.ActiveCfg = Release|Any CPU
		{7B55EABF-9FDE-496B-904A-0AEADE8C497C}.Release|Any CPU.Build.0 = Release|Any CPU
		{73DEB5AD-9755-474C-98DF-5FA381F03069}.Debug|Any CPU.ActiveCfg = Debug|Any CPU
		{73DEB5AD-9755-474C-98DF-5FA381F03069}.Debug|Any CPU.Build.0 = Debug|Any CPU
		{73DEB5AD-9755-474C-98DF-5FA381F03069}.Release|Any CPU.ActiveCfg = Release|Any CPU
		{73DEB5AD-9755-474C-98DF-5FA381F03069}.Release|Any CPU.Build.0 = Release|Any CPU
		{020BC5C0-891D-46FD-8115-958070CED24C}.Debug|Any CPU.ActiveCfg = Debug|Any CPU
		{020BC5C0-891D-46FD-8115-958070CED24C}.Debug|Any CPU.Build.0 = Debug|Any CPU
		{020BC5C0-891D-46FD-8115-958070CED24C}.Release|Any CPU.ActiveCfg = Release|Any CPU
		{020BC5C0-891D-46FD-8115-958070CED24C}.Release|Any CPU.Build.0 = Release|Any CPU
		{8C3D4C83-FCA6-4418-BD5D-D21259D87E68}.Debug|Any CPU.ActiveCfg = Debug|Any CPU
		{8C3D4C83-FCA6-4418-BD5D-D21259D87E68}.Debug|Any CPU.Build.0 = Debug|Any CPU
		{8C3D4C83-FCA6-4418-BD5D-D21259D87E68}.Release|Any CPU.ActiveCfg = Release|Any CPU
		{8C3D4C83-FCA6-4418-BD5D-D21259D87E68}.Release|Any CPU.Build.0 = Release|Any CPU
		{3ED5287C-E8DE-4CB2-B02C-6D4B52CC8918}.Debug|Any CPU.ActiveCfg = Debug|Any CPU
		{3ED5287C-E8DE-4CB2-B02C-6D4B52CC8918}.Debug|Any CPU.Build.0 = Debug|Any CPU
		{3ED5287C-E8DE-4CB2-B02C-6D4B52CC8918}.Release|Any CPU.ActiveCfg = Release|Any CPU
		{3ED5287C-E8DE-4CB2-B02C-6D4B52CC8918}.Release|Any CPU.Build.0 = Release|Any CPU
		{6463E644-08B9-4E12-B375-ED7AFC7DA7D9}.Debug|Any CPU.ActiveCfg = Debug|Any CPU
		{6463E644-08B9-4E12-B375-ED7AFC7DA7D9}.Debug|Any CPU.Build.0 = Debug|Any CPU
		{6463E644-08B9-4E12-B375-ED7AFC7DA7D9}.Release|Any CPU.ActiveCfg = Release|Any CPU
		{6463E644-08B9-4E12-B375-ED7AFC7DA7D9}.Release|Any CPU.Build.0 = Release|Any CPU
		{F555C2DA-87F6-478F-92AC-A9EF08AC2386}.Debug|Any CPU.ActiveCfg = Debug|Any CPU
		{F555C2DA-87F6-478F-92AC-A9EF08AC2386}.Debug|Any CPU.Build.0 = Debug|Any CPU
		{F555C2DA-87F6-478F-92AC-A9EF08AC2386}.Release|Any CPU.ActiveCfg = Release|Any CPU
		{F555C2DA-87F6-478F-92AC-A9EF08AC2386}.Release|Any CPU.Build.0 = Release|Any CPU
		{7C026901-5B94-4F01-B72B-09398C31887A}.Debug|Any CPU.ActiveCfg = Debug|Any CPU
		{7C026901-5B94-4F01-B72B-09398C31887A}.Debug|Any CPU.Build.0 = Debug|Any CPU
		{7C026901-5B94-4F01-B72B-09398C31887A}.Release|Any CPU.ActiveCfg = Release|Any CPU
		{7C026901-5B94-4F01-B72B-09398C31887A}.Release|Any CPU.Build.0 = Release|Any CPU
		{0DA540F2-C08D-413A-A2A8-72D93B100822}.Debug|Any CPU.ActiveCfg = Debug|Any CPU
		{0DA540F2-C08D-413A-A2A8-72D93B100822}.Debug|Any CPU.Build.0 = Debug|Any CPU
		{0DA540F2-C08D-413A-A2A8-72D93B100822}.Release|Any CPU.ActiveCfg = Release|Any CPU
		{0DA540F2-C08D-413A-A2A8-72D93B100822}.Release|Any CPU.Build.0 = Release|Any CPU
		{2027C858-C337-43CC-A57B-65850A8C00BC}.Debug|Any CPU.ActiveCfg = Debug|Any CPU
		{2027C858-C337-43CC-A57B-65850A8C00BC}.Debug|Any CPU.Build.0 = Debug|Any CPU
		{2027C858-C337-43CC-A57B-65850A8C00BC}.Release|Any CPU.ActiveCfg = Release|Any CPU
		{2027C858-C337-43CC-A57B-65850A8C00BC}.Release|Any CPU.Build.0 = Release|Any CPU
		{F3790091-59B8-4255-90C8-3619F61B068A}.Debug|Any CPU.ActiveCfg = Debug|Any CPU
		{F3790091-59B8-4255-90C8-3619F61B068A}.Debug|Any CPU.Build.0 = Debug|Any CPU
		{F3790091-59B8-4255-90C8-3619F61B068A}.Release|Any CPU.ActiveCfg = Release|Any CPU
		{F3790091-59B8-4255-90C8-3619F61B068A}.Release|Any CPU.Build.0 = Release|Any CPU
		{979AD737-716B-45D6-B5E7-888AF858819F}.Debug|Any CPU.ActiveCfg = Debug|Any CPU
		{979AD737-716B-45D6-B5E7-888AF858819F}.Debug|Any CPU.Build.0 = Debug|Any CPU
		{979AD737-716B-45D6-B5E7-888AF858819F}.Release|Any CPU.ActiveCfg = Release|Any CPU
		{979AD737-716B-45D6-B5E7-888AF858819F}.Release|Any CPU.Build.0 = Release|Any CPU
	EndGlobalSection
	GlobalSection(SolutionProperties) = preSolution
		HideSolutionNode = FALSE
	EndGlobalSection
EndGlobal
