
Microsoft Visual Studio Solution File, Format Version 12.00
# Visual Studio 2013
VisualStudioVersion = 12.0.31101.0
MinimumVisualStudioVersion = 10.0.40219.1
Project("{FAE04EC0-301F-11D3-BF4B-00C04F79EFBC}") = "01.EnglishDigit", "01.EnglishDigit\01.EnglishDigit.csproj", "{EE61E556-C412-4378-BABF-7B1E4F039F69}"
EndProject
Project("{FAE04EC0-301F-11D3-BF4B-00C04F79EFBC}") = "02.ReverseNumber", "02.ReverseNumber\02.ReverseNumber.csproj", "{E4FC9921-C53E-42ED-9CF6-E4AAD90074A7}"
EndProject
Project("{FAE04EC0-301F-11D3-BF4B-00C04F79EFBC}") = "03.OccurrencesOfWord", "03.OccurrencesOfWord\03.OccurrencesOfWord.csproj", "{D971D110-3FA1-4A28-BB7D-9B68C5AFF30E}"
EndProject
Project("{FAE04EC0-301F-11D3-BF4B-00C04F79EFBC}") = "04.NumberOfElements", "04.NumberOfElements\04.NumberOfElements.csproj", "{B38CD251-5C56-470A-929E-F1BBCB9E73BF}"
EndProject
Project("{FAE04EC0-301F-11D3-BF4B-00C04F79EFBC}") = "05.AppearanceCount", "05.AppearanceCount\05.AppearanceCount.csproj", "{A2BFC0D3-84EB-4AFC-B3C7-0B5D79C8C8ED}"
EndProject
Project("{FAE04EC0-301F-11D3-BF4B-00C04F79EFBC}") = "06.LargerThanNeighbours", "06.LargerThanNeighbours\06.LargerThanNeighbours.csproj", "{87ABA042-F334-4F8A-9EAE-D5FB7C223053}"
EndProject
Project("{FAE04EC0-301F-11D3-BF4B-00C04F79EFBC}") = "07.FirstLargerThanNeighbours", "07.FirstLargerThanNeighbours\07.FirstLargerThanNeighbours.csproj", "{043B246A-68F8-488E-8269-5A473132284D}"
EndProject
Global
	GlobalSection(SolutionConfigurationPlatforms) = preSolution
		Debug|Any CPU = Debug|Any CPU
		Release|Any CPU = Release|Any CPU
	EndGlobalSection
	GlobalSection(ProjectConfigurationPlatforms) = postSolution
		{EE61E556-C412-4378-BABF-7B1E4F039F69}.Debug|Any CPU.ActiveCfg = Debug|Any CPU
		{EE61E556-C412-4378-BABF-7B1E4F039F69}.Debug|Any CPU.Build.0 = Debug|Any CPU
		{EE61E556-C412-4378-BABF-7B1E4F039F69}.Release|Any CPU.ActiveCfg = Release|Any CPU
		{EE61E556-C412-4378-BABF-7B1E4F039F69}.Release|Any CPU.Build.0 = Release|Any CPU
		{E4FC9921-C53E-42ED-9CF6-E4AAD90074A7}.Debug|Any CPU.ActiveCfg = Debug|Any CPU
		{E4FC9921-C53E-42ED-9CF6-E4AAD90074A7}.Debug|Any CPU.Build.0 = Debug|Any CPU
		{E4FC9921-C53E-42ED-9CF6-E4AAD90074A7}.Release|Any CPU.ActiveCfg = Release|Any CPU
		{E4FC9921-C53E-42ED-9CF6-E4AAD90074A7}.Release|Any CPU.Build.0 = Release|Any CPU
		{D971D110-3FA1-4A28-BB7D-9B68C5AFF30E}.Debug|Any CPU.ActiveCfg = Debug|Any CPU
		{D971D110-3FA1-4A28-BB7D-9B68C5AFF30E}.Debug|Any CPU.Build.0 = Debug|Any CPU
		{D971D110-3FA1-4A28-BB7D-9B68C5AFF30E}.Release|Any CPU.ActiveCfg = Release|Any CPU
		{D971D110-3FA1-4A28-BB7D-9B68C5AFF30E}.Release|Any CPU.Build.0 = Release|Any CPU
		{B38CD251-5C56-470A-929E-F1BBCB9E73BF}.Debug|Any CPU.ActiveCfg = Debug|Any CPU
		{B38CD251-5C56-470A-929E-F1BBCB9E73BF}.Debug|Any CPU.Build.0 = Debug|Any CPU
		{B38CD251-5C56-470A-929E-F1BBCB9E73BF}.Release|Any CPU.ActiveCfg = Release|Any CPU
		{B38CD251-5C56-470A-929E-F1BBCB9E73BF}.Release|Any CPU.Build.0 = Release|Any CPU
		{A2BFC0D3-84EB-4AFC-B3C7-0B5D79C8C8ED}.Debug|Any CPU.ActiveCfg = Debug|Any CPU
		{A2BFC0D3-84EB-4AFC-B3C7-0B5D79C8C8ED}.Debug|Any CPU.Build.0 = Debug|Any CPU
		{A2BFC0D3-84EB-4AFC-B3C7-0B5D79C8C8ED}.Release|Any CPU.ActiveCfg = Release|Any CPU
		{A2BFC0D3-84EB-4AFC-B3C7-0B5D79C8C8ED}.Release|Any CPU.Build.0 = Release|Any CPU
		{87ABA042-F334-4F8A-9EAE-D5FB7C223053}.Debug|Any CPU.ActiveCfg = Debug|Any CPU
		{87ABA042-F334-4F8A-9EAE-D5FB7C223053}.Debug|Any CPU.Build.0 = Debug|Any CPU
		{87ABA042-F334-4F8A-9EAE-D5FB7C223053}.Release|Any CPU.ActiveCfg = Release|Any CPU
		{87ABA042-F334-4F8A-9EAE-D5FB7C223053}.Release|Any CPU.Build.0 = Release|Any CPU
		{043B246A-68F8-488E-8269-5A473132284D}.Debug|Any CPU.ActiveCfg = Debug|Any CPU
		{043B246A-68F8-488E-8269-5A473132284D}.Debug|Any CPU.Build.0 = Debug|Any CPU
		{043B246A-68F8-488E-8269-5A473132284D}.Release|Any CPU.ActiveCfg = Release|Any CPU
		{043B246A-68F8-488E-8269-5A473132284D}.Release|Any CPU.Build.0 = Release|Any CPU
	EndGlobalSection
	GlobalSection(SolutionProperties) = preSolution
		HideSolutionNode = FALSE
	EndGlobalSection
EndGlobal
