
Microsoft Visual Studio Solution File, Format Version 12.00
# Visual Studio 2013
VisualStudioVersion = 12.0.21005.1
MinimumVisualStudioVersion = 10.0.40219.1
Project("{FAE04EC0-301F-11D3-BF4B-00C04F79EFBC}") = "01.TelerikLogoMatrix", "01.Telerik-Logo-Matrix\01.TelerikLogoMatrix.csproj", "{8C269410-2256-4B0B-BFE6-4B64165FE934}"
EndProject
Project("{FAE04EC0-301F-11D3-BF4B-00C04F79EFBC}") = "02.FireMatrix", "02.Fire-Matrix\02.FireMatrix.csproj", "{AFF05389-3521-4D69-95B2-8C018067073D}"
EndProject
Project("{FAE04EC0-301F-11D3-BF4B-00C04F79EFBC}") = "03.DancingBits", "03.DancingBits\03.DancingBits.csproj", "{E5082E83-381B-40DD-8232-A48758BCF3AC}"
EndProject
Project("{FAE04EC0-301F-11D3-BF4B-00C04F79EFBC}") = "04.AstrologicalDigits", "04.AstrologicalDigits\04.AstrologicalDigits.csproj", "{235C2FCB-4BB4-4F9A-B908-F0D10EC3B8BB}"
EndProject
Project("{FAE04EC0-301F-11D3-BF4B-00C04F79EFBC}") = "05.Trapezoid", "05.Trapezoid\05.Trapezoid.csproj", "{0699C5FE-CC71-4DA1-A9B3-246F867494DB}"
EndProject
Project("{FAE04EC0-301F-11D3-BF4B-00C04F79EFBC}") = "06.ForestRoad", "06.ForestRoad\06.ForestRoad.csproj", "{A1229585-087B-4F5E-99E8-CF825C3B3F28}"
EndProject
Project("{FAE04EC0-301F-11D3-BF4B-00C04F79EFBC}") = "07.Carpets", "07.Carpets\07.Carpets.csproj", "{386A4E98-B6DC-4A3C-AF94-93289FE31402}"
EndProject
Project("{FAE04EC0-301F-11D3-BF4B-00C04F79EFBC}") = "08.Poker", "08.Poker\08.Poker.csproj", "{DB58C45A-B32D-4956-8D57-5E815625C627}"
EndProject
Project("{FAE04EC0-301F-11D3-BF4B-00C04F79EFBC}") = "09.Sandglass", "09.Sandglass\09.Sandglass.csproj", "{7AD202F8-4679-41A4-865B-1F7B351C40F0}"
EndProject
Project("{FAE04EC0-301F-11D3-BF4B-00C04F79EFBC}") = "10.UKFlag", "10.UKFlag\10.UKFlag.csproj", "{122BFBCD-B194-4586-81D6-633E9E3C8B5E}"
EndProject
Project("{FAE04EC0-301F-11D3-BF4B-00C04F79EFBC}") = "11.ANacci", "11.ANacci\11.ANacci.csproj", "{59F97715-5336-4F0B-A618-1F0787C735C9}"
EndProject
Project("{FAE04EC0-301F-11D3-BF4B-00C04F79EFBC}") = "12.Tribonacci", "12.Tribonacci\12.Tribonacci.csproj", "{F71639ED-14F7-4ACC-979A-20B607048442}"
EndProject
Project("{FAE04EC0-301F-11D3-BF4B-00C04F79EFBC}") = "13.QuadronacciRectangle", "13.QuadronacciRectangle\13.QuadronacciRectangle.csproj", "{F2B8C766-14DE-412A-8337-CD5C99F3EE2C}"
EndProject
Project("{FAE04EC0-301F-11D3-BF4B-00C04F79EFBC}") = "14.SubsetSums", "14.SubsetSums\14.SubsetSums.csproj", "{6F42E7CC-853D-44F6-ADAF-9ACD5E8F0118}"
EndProject
Project("{FAE04EC0-301F-11D3-BF4B-00C04F79EFBC}") = "15.OddNumber", "15.OddNumber\15.OddNumber.csproj", "{160CADAC-280E-4B9C-87D8-486F09025AD6}"
EndProject
Project("{FAE04EC0-301F-11D3-BF4B-00C04F79EFBC}") = "16.WeAllLoveBits", "16.WeAllLoveBits\16.WeAllLoveBits.csproj", "{DC28A704-0E5D-4855-BDE8-38D3709CFD0C}"
EndProject
Project("{FAE04EC0-301F-11D3-BF4B-00C04F79EFBC}") = "17.Pillars", "17.Pillars\17.Pillars.csproj", "{C7FCD642-7F1E-4AB9-83B3-A738F5F6C55E}"
EndProject
Project("{FAE04EC0-301F-11D3-BF4B-00C04F79EFBC}") = "18.Lines", "18.Lines\18.Lines.csproj", "{08BE6E39-5DD2-4336-8524-C8692D2475A1}"
EndProject
Project("{FAE04EC0-301F-11D3-BF4B-00C04F79EFBC}") = "19.FormulaBit", "19.FormulaBit\19.FormulaBit.csproj", "{1D8F2293-B1ED-4860-82A2-F8A0948DEDA0}"
EndProject
Project("{FAE04EC0-301F-11D3-BF4B-00C04F79EFBC}") = "20.BitBall", "20.BitBall\20.BitBall.csproj", "{1B45EBF0-F4D0-4096-ABAB-1C3BE731C9F5}"
EndProject
Project("{FAE04EC0-301F-11D3-BF4B-00C04F79EFBC}") = "21.AngryBits", "21.AngryBits\21.AngryBits.csproj", "{4DF97ACA-A65C-4CB6-8FD8-9C7B747806FF}"
EndProject
Project("{FAE04EC0-301F-11D3-BF4B-00C04F79EFBC}") = "22.2-4-8", "22.2-4-8\22.2-4-8.csproj", "{7BA755ED-E8AB-4E5C-990D-CC8BEC0B8666}"
EndProject
Project("{FAE04EC0-301F-11D3-BF4B-00C04F79EFBC}") = "23.NightmareCodeStreet", "23.NightmareCodeStreet\23.NightmareCodeStreet.csproj", "{250B0E79-CC4D-475B-9A84-39BBFCAFFE21}"
EndProject
Project("{FAE04EC0-301F-11D3-BF4B-00C04F79EFBC}") = "24.Enigmanation", "24.Enigmanation\24.Enigmanation.csproj", "{1D0383B7-302C-452E-9597-378056FE7A46}"
EndProject
Project("{FAE04EC0-301F-11D3-BF4B-00C04F79EFBC}") = "25.KaspichaniaBoats", "25.KaspichaniaBoats\25.KaspichaniaBoats.csproj", "{36EA8721-DD42-4B6E-8ACB-641FD24EB3B8}"
EndProject
Project("{FAE04EC0-301F-11D3-BF4B-00C04F79EFBC}") = "26.GameOfPage", "26.GameOfPage\26.GameOfPage.csproj", "{C6CC1FBC-4F2E-45DE-8276-21363EFDE64D}"
EndProject
Project("{FAE04EC0-301F-11D3-BF4B-00C04F79EFBC}") = "27.PeaceОfCake", "27.PeaceОfCake\27.PeaceОfCake.csproj", "{5870F72E-1723-4217-9259-BC62FAE23772}"
EndProject
Project("{FAE04EC0-301F-11D3-BF4B-00C04F79EFBC}") = "28.BatGoikoTower", "28.BatGoikoTower\28.BatGoikoTower.csproj", "{473D6BFB-9964-4861-83A4-3494CD65B54B}"
EndProject
Project("{FAE04EC0-301F-11D3-BF4B-00C04F79EFBC}") = "29.AngryFemaleGPS", "29.AngryFemaleGPS\29.AngryFemaleGPS.csproj", "{5B84BFB6-8F9A-46B2-9F28-A95849E8ABB1}"
EndProject
Project("{FAE04EC0-301F-11D3-BF4B-00C04F79EFBC}") = "30.OnesAndZeros", "30.OnesAndZeros\30.OnesAndZeros.csproj", "{0C437292-8C63-4733-8B1A-D7CAB0716089}"
EndProject
Project("{FAE04EC0-301F-11D3-BF4B-00C04F79EFBC}") = "31.Eggcelent", "31.Eggcelent\31.Eggcelent.csproj", "{BC47FFAC-993A-4F8A-8386-70F7402E7D46}"
EndProject
Project("{FAE04EC0-301F-11D3-BF4B-00C04F79EFBC}") = "32.CoffeeVendingMachine", "32.CoffeeVendingMachine\32.CoffeeVendingMachine.csproj", "{0C70F527-0134-4CFB-BC5B-C08F51DC94CB}"
EndProject
Project("{FAE04EC0-301F-11D3-BF4B-00C04F79EFBC}") = "33.DrunkenNumbers", "33.DrunkenNumbers\33.DrunkenNumbers.csproj", "{5532690C-3C3F-44BA-91A6-03AC9064A9A3}"
EndProject
Project("{FAE04EC0-301F-11D3-BF4B-00C04F79EFBC}") = "34.FallDownMatrix", "34.FallDownMatrix\34.FallDownMatrix.csproj", "{442811F2-8EB5-4DA5-A7EC-0D9E6EB6EF87}"
EndProject
Project("{FAE04EC0-301F-11D3-BF4B-00C04F79EFBC}") = "35.Spiral", "35.Spiral\35.Spiral.csproj", "{1014BD07-76EB-49C8-B373-D4C6B87CCF07}"
EndProject
Project("{FAE04EC0-301F-11D3-BF4B-00C04F79EFBC}") = "36.SmetalnikaNaBaba", "36.SmetalnikaNaBaba\36.SmetalnikaNaBaba.csproj", "{3F78DAAD-ADA3-4DED-859D-5B8282CDF8BB}"
EndProject
Global
	GlobalSection(SolutionConfigurationPlatforms) = preSolution
		Debug|Any CPU = Debug|Any CPU
		Release|Any CPU = Release|Any CPU
	EndGlobalSection
	GlobalSection(ProjectConfigurationPlatforms) = postSolution
		{8C269410-2256-4B0B-BFE6-4B64165FE934}.Debug|Any CPU.ActiveCfg = Debug|Any CPU
		{8C269410-2256-4B0B-BFE6-4B64165FE934}.Debug|Any CPU.Build.0 = Debug|Any CPU
		{8C269410-2256-4B0B-BFE6-4B64165FE934}.Release|Any CPU.ActiveCfg = Release|Any CPU
		{8C269410-2256-4B0B-BFE6-4B64165FE934}.Release|Any CPU.Build.0 = Release|Any CPU
		{AFF05389-3521-4D69-95B2-8C018067073D}.Debug|Any CPU.ActiveCfg = Debug|Any CPU
		{AFF05389-3521-4D69-95B2-8C018067073D}.Debug|Any CPU.Build.0 = Debug|Any CPU
		{AFF05389-3521-4D69-95B2-8C018067073D}.Release|Any CPU.ActiveCfg = Release|Any CPU
		{AFF05389-3521-4D69-95B2-8C018067073D}.Release|Any CPU.Build.0 = Release|Any CPU
		{E5082E83-381B-40DD-8232-A48758BCF3AC}.Debug|Any CPU.ActiveCfg = Debug|Any CPU
		{E5082E83-381B-40DD-8232-A48758BCF3AC}.Debug|Any CPU.Build.0 = Debug|Any CPU
		{E5082E83-381B-40DD-8232-A48758BCF3AC}.Release|Any CPU.ActiveCfg = Release|Any CPU
		{E5082E83-381B-40DD-8232-A48758BCF3AC}.Release|Any CPU.Build.0 = Release|Any CPU
		{235C2FCB-4BB4-4F9A-B908-F0D10EC3B8BB}.Debug|Any CPU.ActiveCfg = Debug|Any CPU
		{235C2FCB-4BB4-4F9A-B908-F0D10EC3B8BB}.Debug|Any CPU.Build.0 = Debug|Any CPU
		{235C2FCB-4BB4-4F9A-B908-F0D10EC3B8BB}.Release|Any CPU.ActiveCfg = Release|Any CPU
		{235C2FCB-4BB4-4F9A-B908-F0D10EC3B8BB}.Release|Any CPU.Build.0 = Release|Any CPU
		{0699C5FE-CC71-4DA1-A9B3-246F867494DB}.Debug|Any CPU.ActiveCfg = Debug|Any CPU
		{0699C5FE-CC71-4DA1-A9B3-246F867494DB}.Debug|Any CPU.Build.0 = Debug|Any CPU
		{0699C5FE-CC71-4DA1-A9B3-246F867494DB}.Release|Any CPU.ActiveCfg = Release|Any CPU
		{0699C5FE-CC71-4DA1-A9B3-246F867494DB}.Release|Any CPU.Build.0 = Release|Any CPU
		{A1229585-087B-4F5E-99E8-CF825C3B3F28}.Debug|Any CPU.ActiveCfg = Debug|Any CPU
		{A1229585-087B-4F5E-99E8-CF825C3B3F28}.Debug|Any CPU.Build.0 = Debug|Any CPU
		{A1229585-087B-4F5E-99E8-CF825C3B3F28}.Release|Any CPU.ActiveCfg = Release|Any CPU
		{A1229585-087B-4F5E-99E8-CF825C3B3F28}.Release|Any CPU.Build.0 = Release|Any CPU
		{386A4E98-B6DC-4A3C-AF94-93289FE31402}.Debug|Any CPU.ActiveCfg = Debug|Any CPU
		{386A4E98-B6DC-4A3C-AF94-93289FE31402}.Debug|Any CPU.Build.0 = Debug|Any CPU
		{386A4E98-B6DC-4A3C-AF94-93289FE31402}.Release|Any CPU.ActiveCfg = Release|Any CPU
		{386A4E98-B6DC-4A3C-AF94-93289FE31402}.Release|Any CPU.Build.0 = Release|Any CPU
		{DB58C45A-B32D-4956-8D57-5E815625C627}.Debug|Any CPU.ActiveCfg = Debug|Any CPU
		{DB58C45A-B32D-4956-8D57-5E815625C627}.Debug|Any CPU.Build.0 = Debug|Any CPU
		{DB58C45A-B32D-4956-8D57-5E815625C627}.Release|Any CPU.ActiveCfg = Release|Any CPU
		{DB58C45A-B32D-4956-8D57-5E815625C627}.Release|Any CPU.Build.0 = Release|Any CPU
		{7AD202F8-4679-41A4-865B-1F7B351C40F0}.Debug|Any CPU.ActiveCfg = Debug|Any CPU
		{7AD202F8-4679-41A4-865B-1F7B351C40F0}.Debug|Any CPU.Build.0 = Debug|Any CPU
		{7AD202F8-4679-41A4-865B-1F7B351C40F0}.Release|Any CPU.ActiveCfg = Release|Any CPU
		{7AD202F8-4679-41A4-865B-1F7B351C40F0}.Release|Any CPU.Build.0 = Release|Any CPU
		{122BFBCD-B194-4586-81D6-633E9E3C8B5E}.Debug|Any CPU.ActiveCfg = Debug|Any CPU
		{122BFBCD-B194-4586-81D6-633E9E3C8B5E}.Debug|Any CPU.Build.0 = Debug|Any CPU
		{122BFBCD-B194-4586-81D6-633E9E3C8B5E}.Release|Any CPU.ActiveCfg = Release|Any CPU
		{122BFBCD-B194-4586-81D6-633E9E3C8B5E}.Release|Any CPU.Build.0 = Release|Any CPU
		{59F97715-5336-4F0B-A618-1F0787C735C9}.Debug|Any CPU.ActiveCfg = Debug|Any CPU
		{59F97715-5336-4F0B-A618-1F0787C735C9}.Debug|Any CPU.Build.0 = Debug|Any CPU
		{59F97715-5336-4F0B-A618-1F0787C735C9}.Release|Any CPU.ActiveCfg = Release|Any CPU
		{59F97715-5336-4F0B-A618-1F0787C735C9}.Release|Any CPU.Build.0 = Release|Any CPU
		{F71639ED-14F7-4ACC-979A-20B607048442}.Debug|Any CPU.ActiveCfg = Debug|Any CPU
		{F71639ED-14F7-4ACC-979A-20B607048442}.Debug|Any CPU.Build.0 = Debug|Any CPU
		{F71639ED-14F7-4ACC-979A-20B607048442}.Release|Any CPU.ActiveCfg = Release|Any CPU
		{F71639ED-14F7-4ACC-979A-20B607048442}.Release|Any CPU.Build.0 = Release|Any CPU
		{F2B8C766-14DE-412A-8337-CD5C99F3EE2C}.Debug|Any CPU.ActiveCfg = Debug|Any CPU
		{F2B8C766-14DE-412A-8337-CD5C99F3EE2C}.Debug|Any CPU.Build.0 = Debug|Any CPU
		{F2B8C766-14DE-412A-8337-CD5C99F3EE2C}.Release|Any CPU.ActiveCfg = Release|Any CPU
		{F2B8C766-14DE-412A-8337-CD5C99F3EE2C}.Release|Any CPU.Build.0 = Release|Any CPU
		{6F42E7CC-853D-44F6-ADAF-9ACD5E8F0118}.Debug|Any CPU.ActiveCfg = Debug|Any CPU
		{6F42E7CC-853D-44F6-ADAF-9ACD5E8F0118}.Debug|Any CPU.Build.0 = Debug|Any CPU
		{6F42E7CC-853D-44F6-ADAF-9ACD5E8F0118}.Release|Any CPU.ActiveCfg = Release|Any CPU
		{6F42E7CC-853D-44F6-ADAF-9ACD5E8F0118}.Release|Any CPU.Build.0 = Release|Any CPU
		{160CADAC-280E-4B9C-87D8-486F09025AD6}.Debug|Any CPU.ActiveCfg = Debug|Any CPU
		{160CADAC-280E-4B9C-87D8-486F09025AD6}.Debug|Any CPU.Build.0 = Debug|Any CPU
		{160CADAC-280E-4B9C-87D8-486F09025AD6}.Release|Any CPU.ActiveCfg = Release|Any CPU
		{160CADAC-280E-4B9C-87D8-486F09025AD6}.Release|Any CPU.Build.0 = Release|Any CPU
		{DC28A704-0E5D-4855-BDE8-38D3709CFD0C}.Debug|Any CPU.ActiveCfg = Debug|Any CPU
		{DC28A704-0E5D-4855-BDE8-38D3709CFD0C}.Debug|Any CPU.Build.0 = Debug|Any CPU
		{DC28A704-0E5D-4855-BDE8-38D3709CFD0C}.Release|Any CPU.ActiveCfg = Release|Any CPU
		{DC28A704-0E5D-4855-BDE8-38D3709CFD0C}.Release|Any CPU.Build.0 = Release|Any CPU
		{C7FCD642-7F1E-4AB9-83B3-A738F5F6C55E}.Debug|Any CPU.ActiveCfg = Debug|Any CPU
		{C7FCD642-7F1E-4AB9-83B3-A738F5F6C55E}.Debug|Any CPU.Build.0 = Debug|Any CPU
		{C7FCD642-7F1E-4AB9-83B3-A738F5F6C55E}.Release|Any CPU.ActiveCfg = Release|Any CPU
		{C7FCD642-7F1E-4AB9-83B3-A738F5F6C55E}.Release|Any CPU.Build.0 = Release|Any CPU
		{08BE6E39-5DD2-4336-8524-C8692D2475A1}.Debug|Any CPU.ActiveCfg = Debug|Any CPU
		{08BE6E39-5DD2-4336-8524-C8692D2475A1}.Debug|Any CPU.Build.0 = Debug|Any CPU
		{08BE6E39-5DD2-4336-8524-C8692D2475A1}.Release|Any CPU.ActiveCfg = Release|Any CPU
		{08BE6E39-5DD2-4336-8524-C8692D2475A1}.Release|Any CPU.Build.0 = Release|Any CPU
		{1D8F2293-B1ED-4860-82A2-F8A0948DEDA0}.Debug|Any CPU.ActiveCfg = Debug|Any CPU
		{1D8F2293-B1ED-4860-82A2-F8A0948DEDA0}.Debug|Any CPU.Build.0 = Debug|Any CPU
		{1D8F2293-B1ED-4860-82A2-F8A0948DEDA0}.Release|Any CPU.ActiveCfg = Release|Any CPU
		{1D8F2293-B1ED-4860-82A2-F8A0948DEDA0}.Release|Any CPU.Build.0 = Release|Any CPU
		{1B45EBF0-F4D0-4096-ABAB-1C3BE731C9F5}.Debug|Any CPU.ActiveCfg = Debug|Any CPU
		{1B45EBF0-F4D0-4096-ABAB-1C3BE731C9F5}.Debug|Any CPU.Build.0 = Debug|Any CPU
		{1B45EBF0-F4D0-4096-ABAB-1C3BE731C9F5}.Release|Any CPU.ActiveCfg = Release|Any CPU
		{1B45EBF0-F4D0-4096-ABAB-1C3BE731C9F5}.Release|Any CPU.Build.0 = Release|Any CPU
		{4DF97ACA-A65C-4CB6-8FD8-9C7B747806FF}.Debug|Any CPU.ActiveCfg = Debug|Any CPU
		{4DF97ACA-A65C-4CB6-8FD8-9C7B747806FF}.Debug|Any CPU.Build.0 = Debug|Any CPU
		{4DF97ACA-A65C-4CB6-8FD8-9C7B747806FF}.Release|Any CPU.ActiveCfg = Release|Any CPU
		{4DF97ACA-A65C-4CB6-8FD8-9C7B747806FF}.Release|Any CPU.Build.0 = Release|Any CPU
		{7BA755ED-E8AB-4E5C-990D-CC8BEC0B8666}.Debug|Any CPU.ActiveCfg = Debug|Any CPU
		{7BA755ED-E8AB-4E5C-990D-CC8BEC0B8666}.Debug|Any CPU.Build.0 = Debug|Any CPU
		{7BA755ED-E8AB-4E5C-990D-CC8BEC0B8666}.Release|Any CPU.ActiveCfg = Release|Any CPU
		{7BA755ED-E8AB-4E5C-990D-CC8BEC0B8666}.Release|Any CPU.Build.0 = Release|Any CPU
		{250B0E79-CC4D-475B-9A84-39BBFCAFFE21}.Debug|Any CPU.ActiveCfg = Debug|Any CPU
		{250B0E79-CC4D-475B-9A84-39BBFCAFFE21}.Debug|Any CPU.Build.0 = Debug|Any CPU
		{250B0E79-CC4D-475B-9A84-39BBFCAFFE21}.Release|Any CPU.ActiveCfg = Release|Any CPU
		{250B0E79-CC4D-475B-9A84-39BBFCAFFE21}.Release|Any CPU.Build.0 = Release|Any CPU
		{1D0383B7-302C-452E-9597-378056FE7A46}.Debug|Any CPU.ActiveCfg = Debug|Any CPU
		{1D0383B7-302C-452E-9597-378056FE7A46}.Debug|Any CPU.Build.0 = Debug|Any CPU
		{1D0383B7-302C-452E-9597-378056FE7A46}.Release|Any CPU.ActiveCfg = Release|Any CPU
		{1D0383B7-302C-452E-9597-378056FE7A46}.Release|Any CPU.Build.0 = Release|Any CPU
		{36EA8721-DD42-4B6E-8ACB-641FD24EB3B8}.Debug|Any CPU.ActiveCfg = Debug|Any CPU
		{36EA8721-DD42-4B6E-8ACB-641FD24EB3B8}.Debug|Any CPU.Build.0 = Debug|Any CPU
		{36EA8721-DD42-4B6E-8ACB-641FD24EB3B8}.Release|Any CPU.ActiveCfg = Release|Any CPU
		{36EA8721-DD42-4B6E-8ACB-641FD24EB3B8}.Release|Any CPU.Build.0 = Release|Any CPU
		{C6CC1FBC-4F2E-45DE-8276-21363EFDE64D}.Debug|Any CPU.ActiveCfg = Debug|Any CPU
		{C6CC1FBC-4F2E-45DE-8276-21363EFDE64D}.Debug|Any CPU.Build.0 = Debug|Any CPU
		{C6CC1FBC-4F2E-45DE-8276-21363EFDE64D}.Release|Any CPU.ActiveCfg = Release|Any CPU
		{C6CC1FBC-4F2E-45DE-8276-21363EFDE64D}.Release|Any CPU.Build.0 = Release|Any CPU
		{5870F72E-1723-4217-9259-BC62FAE23772}.Debug|Any CPU.ActiveCfg = Debug|Any CPU
		{5870F72E-1723-4217-9259-BC62FAE23772}.Debug|Any CPU.Build.0 = Debug|Any CPU
		{5870F72E-1723-4217-9259-BC62FAE23772}.Release|Any CPU.ActiveCfg = Release|Any CPU
		{5870F72E-1723-4217-9259-BC62FAE23772}.Release|Any CPU.Build.0 = Release|Any CPU
		{473D6BFB-9964-4861-83A4-3494CD65B54B}.Debug|Any CPU.ActiveCfg = Debug|Any CPU
		{473D6BFB-9964-4861-83A4-3494CD65B54B}.Debug|Any CPU.Build.0 = Debug|Any CPU
		{473D6BFB-9964-4861-83A4-3494CD65B54B}.Release|Any CPU.ActiveCfg = Release|Any CPU
		{473D6BFB-9964-4861-83A4-3494CD65B54B}.Release|Any CPU.Build.0 = Release|Any CPU
		{5B84BFB6-8F9A-46B2-9F28-A95849E8ABB1}.Debug|Any CPU.ActiveCfg = Debug|Any CPU
		{5B84BFB6-8F9A-46B2-9F28-A95849E8ABB1}.Debug|Any CPU.Build.0 = Debug|Any CPU
		{5B84BFB6-8F9A-46B2-9F28-A95849E8ABB1}.Release|Any CPU.ActiveCfg = Release|Any CPU
		{5B84BFB6-8F9A-46B2-9F28-A95849E8ABB1}.Release|Any CPU.Build.0 = Release|Any CPU
		{0C437292-8C63-4733-8B1A-D7CAB0716089}.Debug|Any CPU.ActiveCfg = Debug|Any CPU
		{0C437292-8C63-4733-8B1A-D7CAB0716089}.Debug|Any CPU.Build.0 = Debug|Any CPU
		{0C437292-8C63-4733-8B1A-D7CAB0716089}.Release|Any CPU.ActiveCfg = Release|Any CPU
		{0C437292-8C63-4733-8B1A-D7CAB0716089}.Release|Any CPU.Build.0 = Release|Any CPU
		{BC47FFAC-993A-4F8A-8386-70F7402E7D46}.Debug|Any CPU.ActiveCfg = Debug|Any CPU
		{BC47FFAC-993A-4F8A-8386-70F7402E7D46}.Debug|Any CPU.Build.0 = Debug|Any CPU
		{BC47FFAC-993A-4F8A-8386-70F7402E7D46}.Release|Any CPU.ActiveCfg = Release|Any CPU
		{BC47FFAC-993A-4F8A-8386-70F7402E7D46}.Release|Any CPU.Build.0 = Release|Any CPU
		{0C70F527-0134-4CFB-BC5B-C08F51DC94CB}.Debug|Any CPU.ActiveCfg = Debug|Any CPU
		{0C70F527-0134-4CFB-BC5B-C08F51DC94CB}.Debug|Any CPU.Build.0 = Debug|Any CPU
		{0C70F527-0134-4CFB-BC5B-C08F51DC94CB}.Release|Any CPU.ActiveCfg = Release|Any CPU
		{0C70F527-0134-4CFB-BC5B-C08F51DC94CB}.Release|Any CPU.Build.0 = Release|Any CPU
		{5532690C-3C3F-44BA-91A6-03AC9064A9A3}.Debug|Any CPU.ActiveCfg = Debug|Any CPU
		{5532690C-3C3F-44BA-91A6-03AC9064A9A3}.Debug|Any CPU.Build.0 = Debug|Any CPU
		{5532690C-3C3F-44BA-91A6-03AC9064A9A3}.Release|Any CPU.ActiveCfg = Release|Any CPU
		{5532690C-3C3F-44BA-91A6-03AC9064A9A3}.Release|Any CPU.Build.0 = Release|Any CPU
		{442811F2-8EB5-4DA5-A7EC-0D9E6EB6EF87}.Debug|Any CPU.ActiveCfg = Debug|Any CPU
		{442811F2-8EB5-4DA5-A7EC-0D9E6EB6EF87}.Debug|Any CPU.Build.0 = Debug|Any CPU
		{442811F2-8EB5-4DA5-A7EC-0D9E6EB6EF87}.Release|Any CPU.ActiveCfg = Release|Any CPU
		{442811F2-8EB5-4DA5-A7EC-0D9E6EB6EF87}.Release|Any CPU.Build.0 = Release|Any CPU
		{1014BD07-76EB-49C8-B373-D4C6B87CCF07}.Debug|Any CPU.ActiveCfg = Debug|Any CPU
		{1014BD07-76EB-49C8-B373-D4C6B87CCF07}.Debug|Any CPU.Build.0 = Debug|Any CPU
		{1014BD07-76EB-49C8-B373-D4C6B87CCF07}.Release|Any CPU.ActiveCfg = Release|Any CPU
		{1014BD07-76EB-49C8-B373-D4C6B87CCF07}.Release|Any CPU.Build.0 = Release|Any CPU
		{3F78DAAD-ADA3-4DED-859D-5B8282CDF8BB}.Debug|Any CPU.ActiveCfg = Debug|Any CPU
		{3F78DAAD-ADA3-4DED-859D-5B8282CDF8BB}.Debug|Any CPU.Build.0 = Debug|Any CPU
		{3F78DAAD-ADA3-4DED-859D-5B8282CDF8BB}.Release|Any CPU.ActiveCfg = Release|Any CPU
		{3F78DAAD-ADA3-4DED-859D-5B8282CDF8BB}.Release|Any CPU.Build.0 = Release|Any CPU
	EndGlobalSection
	GlobalSection(SolutionProperties) = preSolution
		HideSolutionNode = FALSE
	EndGlobalSection
EndGlobal
