
Microsoft Visual Studio Solution File, Format Version 12.00
# Visual Studio 2013
VisualStudioVersion = 12.0.21005.1
MinimumVisualStudioVersion = 10.0.40219.1
Project("{FAE04EC0-301F-11D3-BF4B-00C04F79EFBC}") = "01.Sum3Numbers", "01.Sum3Numbers\01.Sum3Numbers.csproj", "{3378A6D5-81DB-4F30-BEE4-2AEBF2EFE05C}"
EndProject
Project("{FAE04EC0-301F-11D3-BF4B-00C04F79EFBC}") = "02.PrintCompanyInformation", "02.PrintCompanyInformation\02.PrintCompanyInformation.csproj", "{A55A158A-4D17-4725-98D9-835DD098A0E0}"
EndProject
Project("{FAE04EC0-301F-11D3-BF4B-00C04F79EFBC}") = "03.CirclePerimeterArea", "03.CirclePerimeterArea\03.CirclePerimeterArea.csproj", "{A3C72381-3D55-4CCE-AC43-6FE662A49789}"
EndProject
Project("{FAE04EC0-301F-11D3-BF4B-00C04F79EFBC}") = "04.NumberComparer", "04.NumberComparer\04.NumberComparer.csproj", "{DC456CD4-0D8C-49B0-98C1-9381911A91A3}"
EndProject
Project("{FAE04EC0-301F-11D3-BF4B-00C04F79EFBC}") = "05.FormattingNumbers", "05.FormattingNumbers\05.FormattingNumbers.csproj", "{41E4520B-6B71-4EB4-A29E-D2361A46B5B3}"
EndProject
Project("{FAE04EC0-301F-11D3-BF4B-00C04F79EFBC}") = "06.QuadraticEquation", "06.QuadraticEquation\06.QuadraticEquation.csproj", "{E5694EAC-934A-48E5-AFD2-1443ABFE23D0}"
EndProject
Project("{FAE04EC0-301F-11D3-BF4B-00C04F79EFBC}") = "07.Sum5Numbers", "07.Sum5Numbers\07.Sum5Numbers.csproj", "{9065F692-BD28-49A6-8F89-586ECA745357}"
EndProject
Project("{FAE04EC0-301F-11D3-BF4B-00C04F79EFBC}") = "08.Numbers1ToN", "08.Numbers1ToN\08.Numbers1ToN.csproj", "{7A18B22C-8661-4541-B6D4-EA8DBA41D9DD}"
EndProject
Project("{FAE04EC0-301F-11D3-BF4B-00C04F79EFBC}") = "09.SumNNumbers", "09.SumNNumbers\09.SumNNumbers.csproj", "{6A69C5EB-83D5-4403-85DD-4CDBA75D0A27}"
EndProject
Project("{FAE04EC0-301F-11D3-BF4B-00C04F79EFBC}") = "10.FibonacciNumbers", "10.FibonacciNumbers\10.FibonacciNumbers.csproj", "{9A61F5C4-06CF-426F-B661-45E84A9B51A4}"
EndProject
Project("{FAE04EC0-301F-11D3-BF4B-00C04F79EFBC}") = "11.NumbersIntervalDividableGivenNumber", "11.NumbersIntervalDividableGivenNumber\11.NumbersIntervalDividableGivenNumber.csproj", "{E92EB314-A363-40BD-8910-D9EDD27538BA}"
EndProject
Project("{FAE04EC0-301F-11D3-BF4B-00C04F79EFBC}") = "12.FallingRocks", "12.FallingRocks\12.FallingRocks.csproj", "{858E853E-6C32-482E-936D-A952CD6E6D67}"
EndProject
Global
	GlobalSection(SolutionConfigurationPlatforms) = preSolution
		Debug|Any CPU = Debug|Any CPU
		Release|Any CPU = Release|Any CPU
	EndGlobalSection
	GlobalSection(ProjectConfigurationPlatforms) = postSolution
		{3378A6D5-81DB-4F30-BEE4-2AEBF2EFE05C}.Debug|Any CPU.ActiveCfg = Debug|Any CPU
		{3378A6D5-81DB-4F30-BEE4-2AEBF2EFE05C}.Debug|Any CPU.Build.0 = Debug|Any CPU
		{3378A6D5-81DB-4F30-BEE4-2AEBF2EFE05C}.Release|Any CPU.ActiveCfg = Release|Any CPU
		{3378A6D5-81DB-4F30-BEE4-2AEBF2EFE05C}.Release|Any CPU.Build.0 = Release|Any CPU
		{A55A158A-4D17-4725-98D9-835DD098A0E0}.Debug|Any CPU.ActiveCfg = Debug|Any CPU
		{A55A158A-4D17-4725-98D9-835DD098A0E0}.Debug|Any CPU.Build.0 = Debug|Any CPU
		{A55A158A-4D17-4725-98D9-835DD098A0E0}.Release|Any CPU.ActiveCfg = Release|Any CPU
		{A55A158A-4D17-4725-98D9-835DD098A0E0}.Release|Any CPU.Build.0 = Release|Any CPU
		{A3C72381-3D55-4CCE-AC43-6FE662A49789}.Debug|Any CPU.ActiveCfg = Debug|Any CPU
		{A3C72381-3D55-4CCE-AC43-6FE662A49789}.Debug|Any CPU.Build.0 = Debug|Any CPU
		{A3C72381-3D55-4CCE-AC43-6FE662A49789}.Release|Any CPU.ActiveCfg = Release|Any CPU
		{A3C72381-3D55-4CCE-AC43-6FE662A49789}.Release|Any CPU.Build.0 = Release|Any CPU
		{DC456CD4-0D8C-49B0-98C1-9381911A91A3}.Debug|Any CPU.ActiveCfg = Debug|Any CPU
		{DC456CD4-0D8C-49B0-98C1-9381911A91A3}.Debug|Any CPU.Build.0 = Debug|Any CPU
		{DC456CD4-0D8C-49B0-98C1-9381911A91A3}.Release|Any CPU.ActiveCfg = Release|Any CPU
		{DC456CD4-0D8C-49B0-98C1-9381911A91A3}.Release|Any CPU.Build.0 = Release|Any CPU
		{41E4520B-6B71-4EB4-A29E-D2361A46B5B3}.Debug|Any CPU.ActiveCfg = Debug|Any CPU
		{41E4520B-6B71-4EB4-A29E-D2361A46B5B3}.Debug|Any CPU.Build.0 = Debug|Any CPU
		{41E4520B-6B71-4EB4-A29E-D2361A46B5B3}.Release|Any CPU.ActiveCfg = Release|Any CPU
		{41E4520B-6B71-4EB4-A29E-D2361A46B5B3}.Release|Any CPU.Build.0 = Release|Any CPU
		{E5694EAC-934A-48E5-AFD2-1443ABFE23D0}.Debug|Any CPU.ActiveCfg = Debug|Any CPU
		{E5694EAC-934A-48E5-AFD2-1443ABFE23D0}.Debug|Any CPU.Build.0 = Debug|Any CPU
		{E5694EAC-934A-48E5-AFD2-1443ABFE23D0}.Release|Any CPU.ActiveCfg = Release|Any CPU
		{E5694EAC-934A-48E5-AFD2-1443ABFE23D0}.Release|Any CPU.Build.0 = Release|Any CPU
		{9065F692-BD28-49A6-8F89-586ECA745357}.Debug|Any CPU.ActiveCfg = Debug|Any CPU
		{9065F692-BD28-49A6-8F89-586ECA745357}.Debug|Any CPU.Build.0 = Debug|Any CPU
		{9065F692-BD28-49A6-8F89-586ECA745357}.Release|Any CPU.ActiveCfg = Release|Any CPU
		{9065F692-BD28-49A6-8F89-586ECA745357}.Release|Any CPU.Build.0 = Release|Any CPU
		{7A18B22C-8661-4541-B6D4-EA8DBA41D9DD}.Debug|Any CPU.ActiveCfg = Debug|Any CPU
		{7A18B22C-8661-4541-B6D4-EA8DBA41D9DD}.Debug|Any CPU.Build.0 = Debug|Any CPU
		{7A18B22C-8661-4541-B6D4-EA8DBA41D9DD}.Release|Any CPU.ActiveCfg = Release|Any CPU
		{7A18B22C-8661-4541-B6D4-EA8DBA41D9DD}.Release|Any CPU.Build.0 = Release|Any CPU
		{6A69C5EB-83D5-4403-85DD-4CDBA75D0A27}.Debug|Any CPU.ActiveCfg = Debug|Any CPU
		{6A69C5EB-83D5-4403-85DD-4CDBA75D0A27}.Debug|Any CPU.Build.0 = Debug|Any CPU
		{6A69C5EB-83D5-4403-85DD-4CDBA75D0A27}.Release|Any CPU.ActiveCfg = Release|Any CPU
		{6A69C5EB-83D5-4403-85DD-4CDBA75D0A27}.Release|Any CPU.Build.0 = Release|Any CPU
		{9A61F5C4-06CF-426F-B661-45E84A9B51A4}.Debug|Any CPU.ActiveCfg = Debug|Any CPU
		{9A61F5C4-06CF-426F-B661-45E84A9B51A4}.Debug|Any CPU.Build.0 = Debug|Any CPU
		{9A61F5C4-06CF-426F-B661-45E84A9B51A4}.Release|Any CPU.ActiveCfg = Release|Any CPU
		{9A61F5C4-06CF-426F-B661-45E84A9B51A4}.Release|Any CPU.Build.0 = Release|Any CPU
		{E92EB314-A363-40BD-8910-D9EDD27538BA}.Debug|Any CPU.ActiveCfg = Debug|Any CPU
		{E92EB314-A363-40BD-8910-D9EDD27538BA}.Debug|Any CPU.Build.0 = Debug|Any CPU
		{E92EB314-A363-40BD-8910-D9EDD27538BA}.Release|Any CPU.ActiveCfg = Release|Any CPU
		{E92EB314-A363-40BD-8910-D9EDD27538BA}.Release|Any CPU.Build.0 = Release|Any CPU
		{858E853E-6C32-482E-936D-A952CD6E6D67}.Debug|Any CPU.ActiveCfg = Debug|Any CPU
		{858E853E-6C32-482E-936D-A952CD6E6D67}.Debug|Any CPU.Build.0 = Debug|Any CPU
		{858E853E-6C32-482E-936D-A952CD6E6D67}.Release|Any CPU.ActiveCfg = Release|Any CPU
		{858E853E-6C32-482E-936D-A952CD6E6D67}.Release|Any CPU.Build.0 = Release|Any CPU
	EndGlobalSection
	GlobalSection(SolutionProperties) = preSolution
		HideSolutionNode = FALSE
	EndGlobalSection
EndGlobal
