
Microsoft Visual Studio Solution File, Format Version 12.00
# Visual Studio 2013
VisualStudioVersion = 12.0.21005.1
MinimumVisualStudioVersion = 10.0.40219.1
Project("{FAE04EC0-301F-11D3-BF4B-00C04F79EFBC}") = "01.SayHello", "01.SayHello\01.SayHello.csproj", "{5C04A073-E9B7-4673-A2D0-87DBCB1E5BEC}"
EndProject
Project("{FAE04EC0-301F-11D3-BF4B-00C04F79EFBC}") = "02.GetLargestNumber", "02.GetLargestNumber\02.GetLargestNumber.csproj", "{4C0C82A2-4B96-4F2A-9558-B834DAF916E0}"
EndProject
Project("{FAE04EC0-301F-11D3-BF4B-00C04F79EFBC}") = "03.EnglishDigit", "03.EnglishDigit\03.EnglishDigit.csproj", "{66F71BCF-DC9E-455D-A403-AA478CB50DF0}"
EndProject
Project("{FAE04EC0-301F-11D3-BF4B-00C04F79EFBC}") = "04.AppearanceCount", "04.AppearanceCount\04.AppearanceCount.csproj", "{70C50DFB-24CB-49C8-919D-E6897A97B774}"
EndProject
Project("{FAE04EC0-301F-11D3-BF4B-00C04F79EFBC}") = "05.LargerThanNeighbours", "05.LargerThanNeighbours\05.LargerThanNeighbours.csproj", "{3A7D91F4-8C64-4766-80C0-2F49B295A73B}"
EndProject
Project("{FAE04EC0-301F-11D3-BF4B-00C04F79EFBC}") = "06.FirstLargerThanNeighbours", "06.FirstLargerThanNeighbours\06.FirstLargerThanNeighbours.csproj", "{F2D44192-C369-4F41-9F3A-C04F18D4B4A0}"
EndProject
Project("{FAE04EC0-301F-11D3-BF4B-00C04F79EFBC}") = "07.ReverseNumber", "07.ReverseNumber\07.ReverseNumber.csproj", "{5B59EE0D-12C9-404A-A186-7D2FC6A28D46}"
EndProject
Project("{FAE04EC0-301F-11D3-BF4B-00C04F79EFBC}") = "08.NumberArray", "08.NumberArray\08.NumberArray.csproj", "{A2987680-F6DF-4E25-A94A-ED7675A7C435}"
EndProject
Project("{FAE04EC0-301F-11D3-BF4B-00C04F79EFBC}") = "09.SortingArray", "09.SortingArray\09.SortingArray.csproj", "{0E87C471-687E-4326-9A59-7206C5845FAE}"
EndProject
Project("{FAE04EC0-301F-11D3-BF4B-00C04F79EFBC}") = "10.NFactorial", "10.NFactorial\10.NFactorial.csproj", "{37E9BF77-AAF6-4E2A-8525-8A258D5DCD95}"
EndProject
Project("{FAE04EC0-301F-11D3-BF4B-00C04F79EFBC}") = "11.AddingPolynomials", "11.AddingPolynomials\11.AddingPolynomials.csproj", "{E75CAFA0-EFBA-4074-9F71-B384C2A5FBD7}"
EndProject
Project("{FAE04EC0-301F-11D3-BF4B-00C04F79EFBC}") = "12.SubtractingPolynomials", "12.SubtractingPolynomials\12.SubtractingPolynomials.csproj", "{40B8D014-52EF-4CCF-B9DF-36EBDD70CA7B}"
EndProject
Project("{FAE04EC0-301F-11D3-BF4B-00C04F79EFBC}") = "13.SolveTasks", "13.SolveTasks\13.SolveTasks.csproj", "{1A9A2F47-7FFC-4686-97FF-81CD95382FF0}"
EndProject
Project("{FAE04EC0-301F-11D3-BF4B-00C04F79EFBC}") = "14.IntegerCalculations", "14.IntegerCalculations\14.IntegerCalculations.csproj", "{42A511C5-3553-4AFE-B264-830B85C763A8}"
EndProject
Project("{FAE04EC0-301F-11D3-BF4B-00C04F79EFBC}") = "15.NumberCalculations", "15.NumberCalculations\15.NumberCalculations.csproj", "{A930C449-6426-42A7-895A-2E3B095EAFD9}"
EndProject
Global
	GlobalSection(SolutionConfigurationPlatforms) = preSolution
		Debug|Any CPU = Debug|Any CPU
		Release|Any CPU = Release|Any CPU
	EndGlobalSection
	GlobalSection(ProjectConfigurationPlatforms) = postSolution
		{5C04A073-E9B7-4673-A2D0-87DBCB1E5BEC}.Debug|Any CPU.ActiveCfg = Debug|Any CPU
		{5C04A073-E9B7-4673-A2D0-87DBCB1E5BEC}.Debug|Any CPU.Build.0 = Debug|Any CPU
		{5C04A073-E9B7-4673-A2D0-87DBCB1E5BEC}.Release|Any CPU.ActiveCfg = Release|Any CPU
		{5C04A073-E9B7-4673-A2D0-87DBCB1E5BEC}.Release|Any CPU.Build.0 = Release|Any CPU
		{4C0C82A2-4B96-4F2A-9558-B834DAF916E0}.Debug|Any CPU.ActiveCfg = Debug|Any CPU
		{4C0C82A2-4B96-4F2A-9558-B834DAF916E0}.Debug|Any CPU.Build.0 = Debug|Any CPU
		{4C0C82A2-4B96-4F2A-9558-B834DAF916E0}.Release|Any CPU.ActiveCfg = Release|Any CPU
		{4C0C82A2-4B96-4F2A-9558-B834DAF916E0}.Release|Any CPU.Build.0 = Release|Any CPU
		{66F71BCF-DC9E-455D-A403-AA478CB50DF0}.Debug|Any CPU.ActiveCfg = Debug|Any CPU
		{66F71BCF-DC9E-455D-A403-AA478CB50DF0}.Debug|Any CPU.Build.0 = Debug|Any CPU
		{66F71BCF-DC9E-455D-A403-AA478CB50DF0}.Release|Any CPU.ActiveCfg = Release|Any CPU
		{66F71BCF-DC9E-455D-A403-AA478CB50DF0}.Release|Any CPU.Build.0 = Release|Any CPU
		{70C50DFB-24CB-49C8-919D-E6897A97B774}.Debug|Any CPU.ActiveCfg = Debug|Any CPU
		{70C50DFB-24CB-49C8-919D-E6897A97B774}.Debug|Any CPU.Build.0 = Debug|Any CPU
		{70C50DFB-24CB-49C8-919D-E6897A97B774}.Release|Any CPU.ActiveCfg = Release|Any CPU
		{70C50DFB-24CB-49C8-919D-E6897A97B774}.Release|Any CPU.Build.0 = Release|Any CPU
		{3A7D91F4-8C64-4766-80C0-2F49B295A73B}.Debug|Any CPU.ActiveCfg = Debug|Any CPU
		{3A7D91F4-8C64-4766-80C0-2F49B295A73B}.Debug|Any CPU.Build.0 = Debug|Any CPU
		{3A7D91F4-8C64-4766-80C0-2F49B295A73B}.Release|Any CPU.ActiveCfg = Release|Any CPU
		{3A7D91F4-8C64-4766-80C0-2F49B295A73B}.Release|Any CPU.Build.0 = Release|Any CPU
		{F2D44192-C369-4F41-9F3A-C04F18D4B4A0}.Debug|Any CPU.ActiveCfg = Debug|Any CPU
		{F2D44192-C369-4F41-9F3A-C04F18D4B4A0}.Debug|Any CPU.Build.0 = Debug|Any CPU
		{F2D44192-C369-4F41-9F3A-C04F18D4B4A0}.Release|Any CPU.ActiveCfg = Release|Any CPU
		{F2D44192-C369-4F41-9F3A-C04F18D4B4A0}.Release|Any CPU.Build.0 = Release|Any CPU
		{5B59EE0D-12C9-404A-A186-7D2FC6A28D46}.Debug|Any CPU.ActiveCfg = Debug|Any CPU
		{5B59EE0D-12C9-404A-A186-7D2FC6A28D46}.Debug|Any CPU.Build.0 = Debug|Any CPU
		{5B59EE0D-12C9-404A-A186-7D2FC6A28D46}.Release|Any CPU.ActiveCfg = Release|Any CPU
		{5B59EE0D-12C9-404A-A186-7D2FC6A28D46}.Release|Any CPU.Build.0 = Release|Any CPU
		{A2987680-F6DF-4E25-A94A-ED7675A7C435}.Debug|Any CPU.ActiveCfg = Debug|Any CPU
		{A2987680-F6DF-4E25-A94A-ED7675A7C435}.Debug|Any CPU.Build.0 = Debug|Any CPU
		{A2987680-F6DF-4E25-A94A-ED7675A7C435}.Release|Any CPU.ActiveCfg = Release|Any CPU
		{A2987680-F6DF-4E25-A94A-ED7675A7C435}.Release|Any CPU.Build.0 = Release|Any CPU
		{0E87C471-687E-4326-9A59-7206C5845FAE}.Debug|Any CPU.ActiveCfg = Debug|Any CPU
		{0E87C471-687E-4326-9A59-7206C5845FAE}.Debug|Any CPU.Build.0 = Debug|Any CPU
		{0E87C471-687E-4326-9A59-7206C5845FAE}.Release|Any CPU.ActiveCfg = Release|Any CPU
		{0E87C471-687E-4326-9A59-7206C5845FAE}.Release|Any CPU.Build.0 = Release|Any CPU
		{37E9BF77-AAF6-4E2A-8525-8A258D5DCD95}.Debug|Any CPU.ActiveCfg = Debug|Any CPU
		{37E9BF77-AAF6-4E2A-8525-8A258D5DCD95}.Debug|Any CPU.Build.0 = Debug|Any CPU
		{37E9BF77-AAF6-4E2A-8525-8A258D5DCD95}.Release|Any CPU.ActiveCfg = Release|Any CPU
		{37E9BF77-AAF6-4E2A-8525-8A258D5DCD95}.Release|Any CPU.Build.0 = Release|Any CPU
		{E75CAFA0-EFBA-4074-9F71-B384C2A5FBD7}.Debug|Any CPU.ActiveCfg = Debug|Any CPU
		{E75CAFA0-EFBA-4074-9F71-B384C2A5FBD7}.Debug|Any CPU.Build.0 = Debug|Any CPU
		{E75CAFA0-EFBA-4074-9F71-B384C2A5FBD7}.Release|Any CPU.ActiveCfg = Release|Any CPU
		{E75CAFA0-EFBA-4074-9F71-B384C2A5FBD7}.Release|Any CPU.Build.0 = Release|Any CPU
		{40B8D014-52EF-4CCF-B9DF-36EBDD70CA7B}.Debug|Any CPU.ActiveCfg = Debug|Any CPU
		{40B8D014-52EF-4CCF-B9DF-36EBDD70CA7B}.Debug|Any CPU.Build.0 = Debug|Any CPU
		{40B8D014-52EF-4CCF-B9DF-36EBDD70CA7B}.Release|Any CPU.ActiveCfg = Release|Any CPU
		{40B8D014-52EF-4CCF-B9DF-36EBDD70CA7B}.Release|Any CPU.Build.0 = Release|Any CPU
		{1A9A2F47-7FFC-4686-97FF-81CD95382FF0}.Debug|Any CPU.ActiveCfg = Debug|Any CPU
		{1A9A2F47-7FFC-4686-97FF-81CD95382FF0}.Debug|Any CPU.Build.0 = Debug|Any CPU
		{1A9A2F47-7FFC-4686-97FF-81CD95382FF0}.Release|Any CPU.ActiveCfg = Release|Any CPU
		{1A9A2F47-7FFC-4686-97FF-81CD95382FF0}.Release|Any CPU.Build.0 = Release|Any CPU
		{42A511C5-3553-4AFE-B264-830B85C763A8}.Debug|Any CPU.ActiveCfg = Debug|Any CPU
		{42A511C5-3553-4AFE-B264-830B85C763A8}.Debug|Any CPU.Build.0 = Debug|Any CPU
		{42A511C5-3553-4AFE-B264-830B85C763A8}.Release|Any CPU.ActiveCfg = Release|Any CPU
		{42A511C5-3553-4AFE-B264-830B85C763A8}.Release|Any CPU.Build.0 = Release|Any CPU
		{A930C449-6426-42A7-895A-2E3B095EAFD9}.Debug|Any CPU.ActiveCfg = Debug|Any CPU
		{A930C449-6426-42A7-895A-2E3B095EAFD9}.Debug|Any CPU.Build.0 = Debug|Any CPU
		{A930C449-6426-42A7-895A-2E3B095EAFD9}.Release|Any CPU.ActiveCfg = Release|Any CPU
		{A930C449-6426-42A7-895A-2E3B095EAFD9}.Release|Any CPU.Build.0 = Release|Any CPU
	EndGlobalSection
	GlobalSection(SolutionProperties) = preSolution
		HideSolutionNode = FALSE
	EndGlobalSection
EndGlobal
