
Microsoft Visual Studio Solution File, Format Version 12.00
# Visual Studio 2013
VisualStudioVersion = 12.0.21005.1
MinimumVisualStudioVersion = 10.0.40219.1
Project("{FAE04EC0-301F-11D3-BF4B-00C04F79EFBC}") = "tastFrom1to4", "tastFrom1to4\tastFrom1to4.csproj", "{8B341437-3747-4C6C-9942-2C796BA92317}"
EndProject
Project("{FAE04EC0-301F-11D3-BF4B-00C04F79EFBC}") = "tastFrom5to7", "tastFrom5to7\tastFrom5to7.csproj", "{E6CC5C41-7664-4AC0-A55A-F68CC3EE2D1C}"
EndProject
Project("{FAE04EC0-301F-11D3-BF4B-00C04F79EFBC}") = "tastFrom8to10", "tastFrom8to10\tastFrom8to10.csproj", "{795A2EAF-2D71-4FE9-B2D7-D87F9439D897}"
EndProject
Global
	GlobalSection(SolutionConfigurationPlatforms) = preSolution
		Debug|Any CPU = Debug|Any CPU
		Release|Any CPU = Release|Any CPU
	EndGlobalSection
	GlobalSection(ProjectConfigurationPlatforms) = postSolution
		{8B341437-3747-4C6C-9942-2C796BA92317}.Debug|Any CPU.ActiveCfg = Debug|Any CPU
		{8B341437-3747-4C6C-9942-2C796BA92317}.Debug|Any CPU.Build.0 = Debug|Any CPU
		{8B341437-3747-4C6C-9942-2C796BA92317}.Release|Any CPU.ActiveCfg = Release|Any CPU
		{8B341437-3747-4C6C-9942-2C796BA92317}.Release|Any CPU.Build.0 = Release|Any CPU
		{E6CC5C41-7664-4AC0-A55A-F68CC3EE2D1C}.Debug|Any CPU.ActiveCfg = Debug|Any CPU
		{E6CC5C41-7664-4AC0-A55A-F68CC3EE2D1C}.Debug|Any CPU.Build.0 = Debug|Any CPU
		{E6CC5C41-7664-4AC0-A55A-F68CC3EE2D1C}.Release|Any CPU.ActiveCfg = Release|Any CPU
		{E6CC5C41-7664-4AC0-A55A-F68CC3EE2D1C}.Release|Any CPU.Build.0 = Release|Any CPU
		{795A2EAF-2D71-4FE9-B2D7-D87F9439D897}.Debug|Any CPU.ActiveCfg = Debug|Any CPU
		{795A2EAF-2D71-4FE9-B2D7-D87F9439D897}.Debug|Any CPU.Build.0 = Debug|Any CPU
		{795A2EAF-2D71-4FE9-B2D7-D87F9439D897}.Release|Any CPU.ActiveCfg = Release|Any CPU
		{795A2EAF-2D71-4FE9-B2D7-D87F9439D897}.Release|Any CPU.Build.0 = Release|Any CPU
	EndGlobalSection
	GlobalSection(SolutionProperties) = preSolution
		HideSolutionNode = FALSE
	EndGlobalSection
EndGlobal
