
Microsoft Visual Studio Solution File, Format Version 12.00
# Visual Studio 2013
VisualStudioVersion = 12.0.31101.0
MinimumVisualStudioVersion = 10.0.40219.1
Project("{FAE04EC0-301F-11D3-BF4B-00C04F79EFBC}") = "01.ClassSizeInCSharp", "01.ClassSizeInCSharp\01.ClassSizeInCSharp.csproj", "{C18E2DF5-10CF-45D5-8471-C62A21D047A8}"
EndProject
Project("{FAE04EC0-301F-11D3-BF4B-00C04F79EFBC}") = "02.MethodPrintStatistics", "02.MethodPrintStatistics\02.MethodPrintStatistics.csproj", "{B743C113-24B2-41C8-8551-40A964FFB419}"
EndProject
Global
	GlobalSection(SolutionConfigurationPlatforms) = preSolution
		Debug|Any CPU = Debug|Any CPU
		Release|Any CPU = Release|Any CPU
	EndGlobalSection
	GlobalSection(ProjectConfigurationPlatforms) = postSolution
		{C18E2DF5-10CF-45D5-8471-C62A21D047A8}.Debug|Any CPU.ActiveCfg = Debug|Any CPU
		{C18E2DF5-10CF-45D5-8471-C62A21D047A8}.Debug|Any CPU.Build.0 = Debug|Any CPU
		{C18E2DF5-10CF-45D5-8471-C62A21D047A8}.Release|Any CPU.ActiveCfg = Release|Any CPU
		{C18E2DF5-10CF-45D5-8471-C62A21D047A8}.Release|Any CPU.Build.0 = Release|Any CPU
		{B743C113-24B2-41C8-8551-40A964FFB419}.Debug|Any CPU.ActiveCfg = Debug|Any CPU
		{B743C113-24B2-41C8-8551-40A964FFB419}.Debug|Any CPU.Build.0 = Debug|Any CPU
		{B743C113-24B2-41C8-8551-40A964FFB419}.Release|Any CPU.ActiveCfg = Release|Any CPU
		{B743C113-24B2-41C8-8551-40A964FFB419}.Release|Any CPU.Build.0 = Release|Any CPU
	EndGlobalSection
	GlobalSection(SolutionProperties) = preSolution
		HideSolutionNode = FALSE
	EndGlobalSection
EndGlobal
